
Microsoft Visual Studio Solution File, Format Version 12.00
# Visual Studio Version 17
VisualStudioVersion = 17.13.35919.96 d17.13
MinimumVisualStudioVersion = 10.0.40219.1
Project("{FAE04EC0-301F-11D3-BF4B-00C04F79EFBC}") = "Postgres.Caching", "Postgres.Caching\Postgres.Caching.csproj", "{793D2EC0-32E3-066C-8823-0ACCACAA5698}"
EndProject
Project("{FAE04EC0-301F-11D3-BF4B-00C04F79EFBC}") = "Postgres.Caching.AppHost", "Postgres.Caching.AppHost\Postgres.Caching.AppHost.csproj", "{77AD043D-1BE7-45A8-A738-6FAA1DD947D7}"
EndProject
Project("{FAE04EC0-301F-11D3-BF4B-00C04F79EFBC}") = "Postgres.Caching.ServiceDefaults", "Postgres.Caching.ServiceDefaults\Postgres.Caching.ServiceDefaults.csproj", "{09F76B6D-F42E-34EB-D48F-B3E46BB30222}"
EndProject
Global
	GlobalSection(SolutionConfigurationPlatforms) = preSolution
		Debug|Any CPU = Debug|Any CPU
		Release|Any CPU = Release|Any CPU
	EndGlobalSection
	GlobalSection(ProjectConfigurationPlatforms) = postSolution
		{793D2EC0-32E3-066C-8823-0ACCACAA5698}.Debug|Any CPU.ActiveCfg = Debug|Any CPU
		{793D2EC0-32E3-066C-8823-0ACCACAA5698}.Debug|Any CPU.Build.0 = Debug|Any CPU
		{793D2EC0-32E3-066C-8823-0ACCACAA5698}.Release|Any CPU.ActiveCfg = Release|Any CPU
		{793D2EC0-32E3-066C-8823-0ACCACAA5698}.Release|Any CPU.Build.0 = Release|Any CPU
		{77AD043D-1BE7-45A8-A738-6FAA1DD947D7}.Debug|Any CPU.ActiveCfg = Debug|Any CPU
		{77AD043D-1BE7-45A8-A738-6FAA1DD947D7}.Debug|Any CPU.Build.0 = Debug|Any CPU
		{77AD043D-1BE7-45A8-A738-6FAA1DD947D7}.Release|Any CPU.ActiveCfg = Release|Any CPU
		{77AD043D-1BE7-45A8-A738-6FAA1DD947D7}.Release|Any CPU.Build.0 = Release|Any CPU
		{09F76B6D-F42E-34EB-D48F-B3E46BB30222}.Debug|Any CPU.ActiveCfg = Debug|Any CPU
		{09F76B6D-F42E-34EB-D48F-B3E46BB30222}.Debug|Any CPU.Build.0 = Debug|Any CPU
		{09F76B6D-F42E-34EB-D48F-B3E46BB30222}.Release|Any CPU.ActiveCfg = Release|Any CPU
		{09F76B6D-F42E-34EB-D48F-B3E46BB30222}.Release|Any CPU.Build.0 = Release|Any CPU
	EndGlobalSection
	GlobalSection(SolutionProperties) = preSolution
		HideSolutionNode = FALSE
	EndGlobalSection
	GlobalSection(ExtensibilityGlobals) = postSolution
		SolutionGuid = {3E4E779C-BB23-4EDD-8DC0-F8E2B95A1FCE}
	EndGlobalSection
EndGlobal
