
Microsoft Visual Studio Solution File, Format Version 12.00
# Visual Studio Version 16
VisualStudioVersion = 16.0.29613.14
MinimumVisualStudioVersion = 10.0.40219.1
Project("{9A19103F-16F7-4668-BE54-9A1E7A4F7556}") = "BenchmarkExample", "BenchmarkExample\BenchmarkExample.csproj", "{EF15C279-7A0F-43ED-B360-A73BAF85C74D}"
EndProject
Project("{9A19103F-16F7-4668-BE54-9A1E7A4F7556}") = "SignalRApp", "SignalRApp\SignalRApp.csproj", "{5F3C5283-183B-41CD-A111-9CE697B9FAB0}"
EndProject
Project("{9A19103F-16F7-4668-BE54-9A1E7A4F7556}") = "AzureFirst", "AzureFirst\AzureFirst.csproj", "{1E5A7809-E835-46C3-A4D3-B622ABD54475}"
EndProject
Project("{2150E333-8FDC-42A3-9474-1A3956D46DE8}") = "gRpc", "gRpc", "{A53016DC-1088-4595-AA79-951EA39ECF8C}"
EndProject
Project("{9A19103F-16F7-4668-BE54-9A1E7A4F7556}") = "GrpcClient", "gRPC\GrpcClient\GrpcClient.csproj", "{CFA44659-90FE-45D4-BAB9-5317B15585FF}"
EndProject
Project("{9A19103F-16F7-4668-BE54-9A1E7A4F7556}") = "GrpcServer", "gRPC\GrpcServer\GrpcServer.csproj", "{2DD73E73-F45B-409E-9462-4FB2EBBB95D7}"
EndProject
Project("{2150E333-8FDC-42A3-9474-1A3956D46DE8}") = "Rabbit", "Rabbit", "{F1FA440C-3E25-4387-9E27-308CD7D3478B}"
EndProject
Project("{9A19103F-16F7-4668-BE54-9A1E7A4F7556}") = "RabbitMQBase", "Rabbit\RabbitMQBase\RabbitMQBase.csproj", "{EB94E9D7-7635-4CCD-BE3A-E3E70E484CBD}"
EndProject
Project("{9A19103F-16F7-4668-BE54-9A1E7A4F7556}") = "ReciveMessage", "Rabbit\ReciveMessage\ReciveMessage.csproj", "{52C7DA6C-BCC6-4D20-9E7A-39B9CFE29730}"
EndProject
Project("{9A19103F-16F7-4668-BE54-9A1E7A4F7556}") = "SendMessage", "Rabbit\SendMessage\SendMessage.csproj", "{5B0FC51D-D35C-426E-BC04-32439FBDB68F}"
EndProject
Project("{9A19103F-16F7-4668-BE54-9A1E7A4F7556}") = "LinqLib", "LinqLib\LinqLib.csproj", "{BDAD5D90-BBDE-4148-9290-84B832617D96}"
EndProject
Project("{9A19103F-16F7-4668-BE54-9A1E7A4F7556}") = "FeatureFlagExample", "FeatureFlagExample\FeatureFlagExample.csproj", "{8C374DC3-ED19-4CE5-AB4E-7C0586AEECE3}"
EndProject
Global
	GlobalSection(SolutionConfigurationPlatforms) = preSolution
		Debug|Any CPU = Debug|Any CPU
		Release|Any CPU = Release|Any CPU
	EndGlobalSection
	GlobalSection(ProjectConfigurationPlatforms) = postSolution
		{EF15C279-7A0F-43ED-B360-A73BAF85C74D}.Debug|Any CPU.ActiveCfg = Debug|Any CPU
		{EF15C279-7A0F-43ED-B360-A73BAF85C74D}.Debug|Any CPU.Build.0 = Debug|Any CPU
		{EF15C279-7A0F-43ED-B360-A73BAF85C74D}.Release|Any CPU.ActiveCfg = Release|Any CPU
		{EF15C279-7A0F-43ED-B360-A73BAF85C74D}.Release|Any CPU.Build.0 = Release|Any CPU
		{5F3C5283-183B-41CD-A111-9CE697B9FAB0}.Debug|Any CPU.ActiveCfg = Debug|Any CPU
		{5F3C5283-183B-41CD-A111-9CE697B9FAB0}.Debug|Any CPU.Build.0 = Debug|Any CPU
		{5F3C5283-183B-41CD-A111-9CE697B9FAB0}.Release|Any CPU.ActiveCfg = Release|Any CPU
		{5F3C5283-183B-41CD-A111-9CE697B9FAB0}.Release|Any CPU.Build.0 = Release|Any CPU
		{1E5A7809-E835-46C3-A4D3-B622ABD54475}.Debug|Any CPU.ActiveCfg = Debug|Any CPU
		{1E5A7809-E835-46C3-A4D3-B622ABD54475}.Debug|Any CPU.Build.0 = Debug|Any CPU
		{1E5A7809-E835-46C3-A4D3-B622ABD54475}.Release|Any CPU.ActiveCfg = Release|Any CPU
		{1E5A7809-E835-46C3-A4D3-B622ABD54475}.Release|Any CPU.Build.0 = Release|Any CPU
		{CFA44659-90FE-45D4-BAB9-5317B15585FF}.Debug|Any CPU.ActiveCfg = Debug|Any CPU
		{CFA44659-90FE-45D4-BAB9-5317B15585FF}.Debug|Any CPU.Build.0 = Debug|Any CPU
		{CFA44659-90FE-45D4-BAB9-5317B15585FF}.Release|Any CPU.ActiveCfg = Release|Any CPU
		{CFA44659-90FE-45D4-BAB9-5317B15585FF}.Release|Any CPU.Build.0 = Release|Any CPU
		{2DD73E73-F45B-409E-9462-4FB2EBBB95D7}.Debug|Any CPU.ActiveCfg = Debug|Any CPU
		{2DD73E73-F45B-409E-9462-4FB2EBBB95D7}.Debug|Any CPU.Build.0 = Debug|Any CPU
		{2DD73E73-F45B-409E-9462-4FB2EBBB95D7}.Release|Any CPU.ActiveCfg = Release|Any CPU
		{2DD73E73-F45B-409E-9462-4FB2EBBB95D7}.Release|Any CPU.Build.0 = Release|Any CPU
		{EB94E9D7-7635-4CCD-BE3A-E3E70E484CBD}.Debug|Any CPU.ActiveCfg = Debug|Any CPU
		{EB94E9D7-7635-4CCD-BE3A-E3E70E484CBD}.Debug|Any CPU.Build.0 = Debug|Any CPU
		{EB94E9D7-7635-4CCD-BE3A-E3E70E484CBD}.Release|Any CPU.ActiveCfg = Release|Any CPU
		{EB94E9D7-7635-4CCD-BE3A-E3E70E484CBD}.Release|Any CPU.Build.0 = Release|Any CPU
		{52C7DA6C-BCC6-4D20-9E7A-39B9CFE29730}.Debug|Any CPU.ActiveCfg = Debug|Any CPU
		{52C7DA6C-BCC6-4D20-9E7A-39B9CFE29730}.Debug|Any CPU.Build.0 = Debug|Any CPU
		{52C7DA6C-BCC6-4D20-9E7A-39B9CFE29730}.Release|Any CPU.ActiveCfg = Release|Any CPU
		{52C7DA6C-BCC6-4D20-9E7A-39B9CFE29730}.Release|Any CPU.Build.0 = Release|Any CPU
		{5B0FC51D-D35C-426E-BC04-32439FBDB68F}.Debug|Any CPU.ActiveCfg = Debug|Any CPU
		{5B0FC51D-D35C-426E-BC04-32439FBDB68F}.Debug|Any CPU.Build.0 = Debug|Any CPU
		{5B0FC51D-D35C-426E-BC04-32439FBDB68F}.Release|Any CPU.ActiveCfg = Release|Any CPU
		{5B0FC51D-D35C-426E-BC04-32439FBDB68F}.Release|Any CPU.Build.0 = Release|Any CPU
		{BDAD5D90-BBDE-4148-9290-84B832617D96}.Debug|Any CPU.ActiveCfg = Debug|Any CPU
		{BDAD5D90-BBDE-4148-9290-84B832617D96}.Debug|Any CPU.Build.0 = Debug|Any CPU
		{BDAD5D90-BBDE-4148-9290-84B832617D96}.Release|Any CPU.ActiveCfg = Release|Any CPU
		{BDAD5D90-BBDE-4148-9290-84B832617D96}.Release|Any CPU.Build.0 = Release|Any CPU
		{8C374DC3-ED19-4CE5-AB4E-7C0586AEECE3}.Debug|Any CPU.ActiveCfg = Debug|Any CPU
		{8C374DC3-ED19-4CE5-AB4E-7C0586AEECE3}.Debug|Any CPU.Build.0 = Debug|Any CPU
		{8C374DC3-ED19-4CE5-AB4E-7C0586AEECE3}.Release|Any CPU.ActiveCfg = Release|Any CPU
		{8C374DC3-ED19-4CE5-AB4E-7C0586AEECE3}.Release|Any CPU.Build.0 = Release|Any CPU
	EndGlobalSection
	GlobalSection(SolutionProperties) = preSolution
		HideSolutionNode = FALSE
	EndGlobalSection
	GlobalSection(NestedProjects) = preSolution
		{CFA44659-90FE-45D4-BAB9-5317B15585FF} = {A53016DC-1088-4595-AA79-951EA39ECF8C}
		{2DD73E73-F45B-409E-9462-4FB2EBBB95D7} = {A53016DC-1088-4595-AA79-951EA39ECF8C}
		{EB94E9D7-7635-4CCD-BE3A-E3E70E484CBD} = {F1FA440C-3E25-4387-9E27-308CD7D3478B}
		{52C7DA6C-BCC6-4D20-9E7A-39B9CFE29730} = {F1FA440C-3E25-4387-9E27-308CD7D3478B}
		{5B0FC51D-D35C-426E-BC04-32439FBDB68F} = {F1FA440C-3E25-4387-9E27-308CD7D3478B}
	EndGlobalSection
	GlobalSection(ExtensibilityGlobals) = postSolution
		SolutionGuid = {82406906-B7E2-4A10-BBDA-F9B567C151E1}
	EndGlobalSection
EndGlobal
