
Project("{2150E333-8FDC-42A3-9474-1A3956D46DE8}") = "MVCIdentity", "MVCIdentity", "{039ECC5D-1A81-45CB-BEC4-63EC8172BEE8}"
EndProject
Project("{9A19103F-16F7-4668-BE54-9A1E7A4F7556}") = "EmployeeManagement", "RazorPages\MVCIdentityFullCore\EmployeeManagement\EmployeeManagement.csproj", "{7F7CAB8C-9F93-4B3A-B9E6-EFD92A5419B4}"
EndProject
Project("{2150E333-8FDC-42A3-9474-1A3956D46DE8}") = "PagesTutorial", "PagesTutorial", "{BFBFD728-F848-48CD-9715-619EF2CA24E6}"
EndProject
Project("{9A19103F-16F7-4668-BE54-9A1E7A4F7556}") = "RazorPagesTutorial", "RazorPages\RazorPagesTutorial\RazorPagesTutorial\RazorPagesTutorial.csproj", "{18E30756-B784-4894-A22D-6E06197831AD}"
EndProject
Project("{9A19103F-16F7-4668-BE54-9A1E7A4F7556}") = "RazorPagesTutorial.Models", "RazorPages\RazorPagesTutorial\RazorPagesTutorial.Models\RazorPagesTutorial.Models.csproj", "{AEAD8408-423E-430A-BE43-3E020B79856C}"
EndProject
Project("{9A19103F-16F7-4668-BE54-9A1E7A4F7556}") = "RazorPagesTutorial.Services", "RazorPages\RazorPagesTutorial\RazorPagesTutorial.Services\RazorPagesTutorial.Services.csproj", "{4C222C53-5C3E-486B-B21C-0CF12EA685B1}"
EndProject
		{7F7CAB8C-9F93-4B3A-B9E6-EFD92A5419B4}.Debug|Any CPU.ActiveCfg = Debug|Any CPU
		{7F7CAB8C-9F93-4B3A-B9E6-EFD92A5419B4}.Debug|Any CPU.Build.0 = Debug|Any CPU
		{7F7CAB8C-9F93-4B3A-B9E6-EFD92A5419B4}.Release|Any CPU.ActiveCfg = Release|Any CPU
		{7F7CAB8C-9F93-4B3A-B9E6-EFD92A5419B4}.Release|Any CPU.Build.0 = Release|Any CPU
		{18E30756-B784-4894-A22D-6E06197831AD}.Debug|Any CPU.ActiveCfg = Debug|Any CPU
		{18E30756-B784-4894-A22D-6E06197831AD}.Debug|Any CPU.Build.0 = Debug|Any CPU
		{18E30756-B784-4894-A22D-6E06197831AD}.Release|Any CPU.ActiveCfg = Release|Any CPU
		{18E30756-B784-4894-A22D-6E06197831AD}.Release|Any CPU.Build.0 = Release|Any CPU
		{AEAD8408-423E-430A-BE43-3E020B79856C}.Debug|Any CPU.ActiveCfg = Debug|Any CPU
		{AEAD8408-423E-430A-BE43-3E020B79856C}.Debug|Any CPU.Build.0 = Debug|Any CPU
		{AEAD8408-423E-430A-BE43-3E020B79856C}.Release|Any CPU.ActiveCfg = Release|Any CPU
		{AEAD8408-423E-430A-BE43-3E020B79856C}.Release|Any CPU.Build.0 = Release|Any CPU
		{4C222C53-5C3E-486B-B21C-0CF12EA685B1}.Debug|Any CPU.ActiveCfg = Debug|Any CPU
		{4C222C53-5C3E-486B-B21C-0CF12EA685B1}.Debug|Any CPU.Build.0 = Debug|Any CPU
		{4C222C53-5C3E-486B-B21C-0CF12EA685B1}.Release|Any CPU.ActiveCfg = Release|Any CPU
		{4C222C53-5C3E-486B-B21C-0CF12EA685B1}.Release|Any CPU.Build.0 = Release|Any CPU
		{039ECC5D-1A81-45CB-BEC4-63EC8172BEE8} = {544A0CA9-23C7-49AC-8871-C14F5054E2D5}
		{7F7CAB8C-9F93-4B3A-B9E6-EFD92A5419B4} = {039ECC5D-1A81-45CB-BEC4-63EC8172BEE8}
		{BFBFD728-F848-48CD-9715-619EF2CA24E6} = {544A0CA9-23C7-49AC-8871-C14F5054E2D5}
		{18E30756-B784-4894-A22D-6E06197831AD} = {BFBFD728-F848-48CD-9715-619EF2CA24E6}
		{AEAD8408-423E-430A-BE43-3E020B79856C} = {BFBFD728-F848-48CD-9715-619EF2CA24E6}
		{4C222C53-5C3E-486B-B21C-0CF12EA685B1} = {BFBFD728-F848-48CD-9715-619EF2CA24E6}
		SolutionGuid = {DA1F0128-B580-49A1-B742-427B306BE7A6}
	EndGlobalSection
EndGlobal
