
Microsoft Visual Studio Solution File, Format Version 12.00
# Visual Studio Version 17
VisualStudioVersion = 17.0.31903.59
MinimumVisualStudioVersion = 10.0.40219.1
Project("{9A19103F-16F7-4668-BE54-9A1E7A4F7556}") = "BenchmarkExample", "BenchmarkExample\BenchmarkExample.csproj", "{EF15C279-7A0F-43ED-B360-A73BAF85C74D}"
EndProject
Project("{9A19103F-16F7-4668-BE54-9A1E7A4F7556}") = "SignalRApp", "SignalRApp\SignalRApp.csproj", "{5F3C5283-183B-41CD-A111-9CE697B9FAB0}"
EndProject
Project("{9A19103F-16F7-4668-BE54-9A1E7A4F7556}") = "AzureFirst", "AzureFirst\AzureFirst.csproj", "{1E5A7809-E835-46C3-A4D3-B622ABD54475}"
EndProject
Project("{2150E333-8FDC-42A3-9474-1A3956D46DE8}") = "gRpc", "gRpc", "{A53016DC-1088-4595-AA79-951EA39ECF8C}"
EndProject
Project("{9A19103F-16F7-4668-BE54-9A1E7A4F7556}") = "GrpcClient", "gRPC\GrpcClient\GrpcClient.csproj", "{CFA44659-90FE-45D4-BAB9-5317B15585FF}"
EndProject
Project("{9A19103F-16F7-4668-BE54-9A1E7A4F7556}") = "GrpcServer", "gRPC\GrpcServer\GrpcServer.csproj", "{2DD73E73-F45B-409E-9462-4FB2EBBB95D7}"
EndProject
Project("{2150E333-8FDC-42A3-9474-1A3956D46DE8}") = "Rabbit", "Rabbit", "{F1FA440C-3E25-4387-9E27-308CD7D3478B}"
EndProject
Project("{9A19103F-16F7-4668-BE54-9A1E7A4F7556}") = "RabbitMQBase", "Rabbit\RabbitMQBase\RabbitMQBase.csproj", "{EB94E9D7-7635-4CCD-BE3A-E3E70E484CBD}"
EndProject
Project("{9A19103F-16F7-4668-BE54-9A1E7A4F7556}") = "ReciveMessage", "Rabbit\ReciveMessage\ReciveMessage.csproj", "{52C7DA6C-BCC6-4D20-9E7A-39B9CFE29730}"
EndProject
Project("{9A19103F-16F7-4668-BE54-9A1E7A4F7556}") = "SendMessage", "Rabbit\SendMessage\SendMessage.csproj", "{5B0FC51D-D35C-426E-BC04-32439FBDB68F}"
EndProject
Project("{9A19103F-16F7-4668-BE54-9A1E7A4F7556}") = "LinqLib", "LinqLib\LinqLib.csproj", "{BDAD5D90-BBDE-4148-9290-84B832617D96}"
EndProject
Project("{9A19103F-16F7-4668-BE54-9A1E7A4F7556}") = "FeatureFlagExample", "FeatureFlagExample\FeatureFlagExample.csproj", "{8C374DC3-ED19-4CE5-AB4E-7C0586AEECE3}"
EndProject
Project("{2150E333-8FDC-42A3-9474-1A3956D46DE8}") = "EntityTemplate", "EntityTemplate", "{020F279B-4F00-4EFC-BD6D-66A1697C41F7}"
EndProject
Project("{9A19103F-16F7-4668-BE54-9A1E7A4F7556}") = "EFDemoWeb", "EntityTemplate\EFDemoWeb\EFDemoWeb.csproj", "{398C231C-3C6B-4F4E-9090-97A3B227CE72}"
EndProject
Project("{9A19103F-16F7-4668-BE54-9A1E7A4F7556}") = "EFDataAccess", "EntityTemplate\EFDataAccess\EFDataAccess.csproj", "{16179BB5-4076-4847-8300-68D9422F7589}"
EndProject
Project("{9A19103F-16F7-4668-BE54-9A1E7A4F7556}") = "Microservice.Console", "Microservice.Console\Microservice.Console.csproj", "{CBF4DD12-CE92-43E8-964F-69B92C25D585}"
EndProject
Project("{9A19103F-16F7-4668-BE54-9A1E7A4F7556}") = "HttpClientFactoryExample", "HttpClientFactoryExample\HttpClientFactoryExample.csproj", "{D6F56F9F-8D94-42CE-A7ED-CF8421366F1E}"
EndProject
Project("{2150E333-8FDC-42A3-9474-1A3956D46DE8}") = "NugetPackages", "NugetPackages", "{1C28016B-1887-48DD-AF36-BEF2AE37FB05}"
EndProject
Project("{9A19103F-16F7-4668-BE54-9A1E7A4F7556}") = "PollyRetryTutorial", "NugetPackages\PollyRetryTutorial\PollyRetryTutorial.csproj", "{5D8277CE-8E12-4D44-9ACC-B836DF5A16FA}"
EndProject
Project("{9A19103F-16F7-4668-BE54-9A1E7A4F7556}") = "xUnitTutorial", "NugetPackages\xUnitTutorial\xUnitTutorial.csproj", "{A9DF7D92-5C39-432C-8456-8E46C1505F7E}"
EndProject
Project("{2150E333-8FDC-42A3-9474-1A3956D46DE8}") = "Moq", "Moq", "{BB97FDF7-7411-4DF5-B525-70920D3694FE}"
EndProject
Project("{9A19103F-16F7-4668-BE54-9A1E7A4F7556}") = "CustomersApi", "NugetPackages\MockingTutorial\MockingTutorial\CustomersApi\CustomersApi.csproj", "{658FACA0-D9B3-4ADD-AF90-93DDC73796F7}"
EndProject
Project("{9A19103F-16F7-4668-BE54-9A1E7A4F7556}") = "CustomersApi.Moq", "NugetPackages\MockingTutorial\CustomersApi.Moq\CustomersApi.Moq.csproj", "{9A53BCFA-0A07-4D78-AA8B-BE9C010F5129}"
EndProject
Project("{9A19103F-16F7-4668-BE54-9A1E7A4F7556}") = "CustomersApi.NSubstitute", "NugetPackages\MockingTutorial\CustomersApi.NSubstitute\CustomersApi.NSubstitute.csproj", "{2A911959-248A-409D-A400-97CD1AF772D2}"
EndProject
Project("{2150E333-8FDC-42A3-9474-1A3956D46DE8}") = "Cacheing", "Cacheing", "{279406F0-0662-45FE-9E34-2351FCBEDD49}"
EndProject
Project("{9A19103F-16F7-4668-BE54-9A1E7A4F7556}") = "CachingMVC", "cacheing\CachingMVC\CachingMVC.csproj", "{DE8A8BFD-FECB-4B5D-B37D-8EE6F1F85DFC}"
EndProject
Project("{9A19103F-16F7-4668-BE54-9A1E7A4F7556}") = "RedisTutorial", "NugetPackages\RedisTutorial\RedisTutorial.csproj", "{1F5A1288-B0CB-4146-AD2B-F1A9FE556B27}"
EndProject
Project("{9A19103F-16F7-4668-BE54-9A1E7A4F7556}") = "FluentAssertionsTutorial", "NugetPackages\FluentAssertionsTutorial\FluentAssertionsTutorial.csproj", "{F8360A00-82D6-46EF-8E70-E46795D42AE0}"
EndProject
Project("{2150E333-8FDC-42A3-9474-1A3956D46DE8}") = "Metrics", "Metrics", "{DCF7E95F-361C-44BE-A8F8-BB2C0F5C4C43}"
EndProject
Project("{9A19103F-16F7-4668-BE54-9A1E7A4F7556}") = "AppMetricsApi", "Metrics\AppMetricsApi.csproj", "{4EDFA86B-858E-4471-BBBB-56DE8EDF478E}"
EndProject
Project("{2150E333-8FDC-42A3-9474-1A3956D46DE8}") = "Azure", "Azure", "{8F940E2F-2BAA-4E9B-9E13-EA717FE8394B}"
	ProjectSection(SolutionItems) = preProject
		AzureSignalR.txt = AzureSignalR.txt
	EndProjectSection
EndProject
Project("{9A19103F-16F7-4668-BE54-9A1E7A4F7556}") = "AzureKeyVaultExample", "AzureKeyVaultExample\AzureKeyVaultExample.csproj", "{665A0895-5A77-47A6-BB59-0A65771C22FC}"
EndProject
Project("{9A19103F-16F7-4668-BE54-9A1E7A4F7556}") = "BlobStorageExample", "BlobStorageExample\BlobStorageExample.csproj", "{14D1DE71-C689-429B-9BE5-2FE3C15EB269}"
EndProject
Project("{2150E333-8FDC-42A3-9474-1A3956D46DE8}") = "RazorPages", "RazorPages", "{544A0CA9-23C7-49AC-8871-C14F5054E2D5}"
EndProject
Project("{9A19103F-16F7-4668-BE54-9A1E7A4F7556}") = "HttpClientDemo", "HttpClientExampleAndBlazor\HttpClientDemo\HttpClientDemo.csproj", "{D0DC487A-DA69-4A92-95B0-75D41480A5BC}"
EndProject
Project("{2150E333-8FDC-42A3-9474-1A3956D46DE8}") = "MySql", "MySql", "{22F8664F-D12E-4D87-8E3B-F59E72E68011}"
EndProject
Project("{9A19103F-16F7-4668-BE54-9A1E7A4F7556}") = "Eqvanta.EventBus", "Rabbit\fsspadapter\Eqvanta.EventBus\Eqvanta.EventBus.csproj", "{F437CD2E-B554-4631-B3F7-5AFAC059A3CD}"
EndProject
Project("{9A19103F-16F7-4668-BE54-9A1E7A4F7556}") = "Eqvanta.EventBus.RabbitMQ", "Rabbit\fsspadapter\Eqvanta.EventBus.RabbitMQ\Eqvanta.EventBus.RabbitMQ.csproj", "{586AE46E-A802-43E1-B102-9E2E058BF10C}"
EndProject
Project("{9A19103F-16F7-4668-BE54-9A1E7A4F7556}") = "Eqvanta.Fssp.ApiClient", "Rabbit\fsspadapter\Eqvanta.Fssp.ApiClient\Eqvanta.Fssp.ApiClient.csproj", "{77F68AA9-C750-4A84-8D91-7CFA344ED4D6}"
EndProject
Project("{9A19103F-16F7-4668-BE54-9A1E7A4F7556}") = "Eqvanta.FsspIntegration", "Rabbit\fsspadapter\Eqvanta.FsspIntegration\Eqvanta.FsspIntegration.csproj", "{4D6A5682-CA86-4616-B5BE-82A4AB90F747}"
EndProject
Project("{9A19103F-16F7-4668-BE54-9A1E7A4F7556}") = "Eqvanta.FsspIntegration.Main1", "Rabbit\fsspadapter\Eqvanta.FsspIntegration.Main\Eqvanta.FsspIntegration.Main1.csproj", "{D6B37AF3-07EF-4DA7-8B9E-3B731A91AB61}"
	ProjectSection(ProjectDependencies) = postProject
		{F437CD2E-B554-4631-B3F7-5AFAC059A3CD} = {F437CD2E-B554-4631-B3F7-5AFAC059A3CD}
		{586AE46E-A802-43E1-B102-9E2E058BF10C} = {586AE46E-A802-43E1-B102-9E2E058BF10C}
		{4D6A5682-CA86-4616-B5BE-82A4AB90F747} = {4D6A5682-CA86-4616-B5BE-82A4AB90F747}
		{77F68AA9-C750-4A84-8D91-7CFA344ED4D6} = {77F68AA9-C750-4A84-8D91-7CFA344ED4D6}
	EndProjectSection
EndProject
Project("{9A19103F-16F7-4668-BE54-9A1E7A4F7556}") = "Eqvanta.Fssp.ApiClient.UnitTests", "Rabbit\fsspadapter\Eqvanta.Fssp.ApiClient.UnitTests\Eqvanta.Fssp.ApiClient.UnitTests.csproj", "{4CCF9C3A-FD1E-4E59-B3FA-57F617119078}"
EndProject
Project("{2150E333-8FDC-42A3-9474-1A3956D46DE8}") = "Tests", "Tests", "{F954E340-7D9A-4296-BDC7-9B441107EFE2}"
EndProject
Project("{2150E333-8FDC-42A3-9474-1A3956D46DE8}") = "Console", "Console", "{56C381DE-9290-4F40-B298-E8BBD7C4A256}"
EndProject
Project("{9A19103F-16F7-4668-BE54-9A1E7A4F7556}") = "ConsoleUI", "ConsoleUI\ConsoleUI.csproj", "{EF53E3CE-99A5-48E4-9BEF-FE8EEF39E4D1}"
EndProject
Project("{9A19103F-16F7-4668-BE54-9A1E7A4F7556}") = "OneOfTutorial.WithExceptions", "NugetPackages\OneOfTutorial\OneOfTutorial.WithExceptions\OneOfTutorial.WithExceptions.csproj", "{15D5AD87-AF38-4503-920D-B9E13A0B2BFB}"
EndProject
Project("{9A19103F-16F7-4668-BE54-9A1E7A4F7556}") = "OneOfTutorial.WithOneOf", "NugetPackages\OneOfTutorial\OneOfTutorial.WithOneOf\OneOfTutorial.WithOneOf.csproj", "{26F82616-CFD8-4D6D-844A-E5AB95BDAA16}"
EndProject
Project("{9A19103F-16F7-4668-BE54-9A1E7A4F7556}") = "OneOfTutorial.WithResult", "NugetPackages\OneOfTutorial\OneOfTutorial.WithResult\OneOfTutorial.WithResult.csproj", "{4B5A03B1-A5C1-40F1-8CDA-8159A3AFCF81}"
EndProject
Project("{2150E333-8FDC-42A3-9474-1A3956D46DE8}") = "OneOf", "OneOf", "{A6552E9F-E1B3-498B-8F2D-D6EE6231E755}"
EndProject
Project("{9A19103F-16F7-4668-BE54-9A1E7A4F7556}") = "RazorPagesApp", "RazorPages\RazorPagesApp\RazorPagesApp.csproj", "{AD4BA6D6-88B3-425A-A123-63B62686F256}"
EndProject
Project("{9A19103F-16F7-4668-BE54-9A1E7A4F7556}") = "AuthApp", "RazorPages\Authentification\AuthApp\AuthApp.csproj", "{331BC88D-FFCB-4F41-86F7-4AE2AA5D965B}"
EndProject
Project("{9A19103F-16F7-4668-BE54-9A1E7A4F7556}") = "BlazorServer", "MySql\BlazorServer\BlazorServer.csproj", "{971E76F1-79AC-491E-B64A-8BD4A611CC6F}"
EndProject
Project("{9A19103F-16F7-4668-BE54-9A1E7A4F7556}") = "DataLibrary", "MySql\DataLibrary\DataLibrary.csproj", "{EF5ECA5A-8221-41ED-81CC-A80DF8E56582}"
EndProject
Project("{9A19103F-16F7-4668-BE54-9A1E7A4F7556}") = "ABSUploadClient", "RazorPages\UploadClientAuthLDAP\ABSUploadClient\ABSUploadClient.csproj", "{39EB84CB-0AD2-4792-80C5-AD8219F18D74}"
EndProject
Project("{2150E333-8FDC-42A3-9474-1A3956D46DE8}") = "MVCIdentity", "MVCIdentity", "{039ECC5D-1A81-45CB-BEC4-63EC8172BEE8}"
EndProject
Project("{9A19103F-16F7-4668-BE54-9A1E7A4F7556}") = "EmployeeManagement", "RazorPages\MVCIdentityFullCore\EmployeeManagement\EmployeeManagement.csproj", "{7F7CAB8C-9F93-4B3A-B9E6-EFD92A5419B4}"
EndProject
Project("{2150E333-8FDC-42A3-9474-1A3956D46DE8}") = "PagesTutorial", "PagesTutorial", "{BFBFD728-F848-48CD-9715-619EF2CA24E6}"
EndProject
Project("{9A19103F-16F7-4668-BE54-9A1E7A4F7556}") = "RazorPagesTutorial", "RazorPages\RazorPagesTutorial\RazorPagesTutorial\RazorPagesTutorial.csproj", "{18E30756-B784-4894-A22D-6E06197831AD}"
EndProject
Project("{9A19103F-16F7-4668-BE54-9A1E7A4F7556}") = "RazorPagesTutorial.Models", "RazorPages\RazorPagesTutorial\RazorPagesTutorial.Models\RazorPagesTutorial.Models.csproj", "{AEAD8408-423E-430A-BE43-3E020B79856C}"
EndProject
Project("{9A19103F-16F7-4668-BE54-9A1E7A4F7556}") = "RazorPagesTutorial.Services", "RazorPages\RazorPagesTutorial\RazorPagesTutorial.Services\RazorPagesTutorial.Services.csproj", "{4C222C53-5C3E-486B-B21C-0CF12EA685B1}"
EndProject
Project("{2150E333-8FDC-42A3-9474-1A3956D46DE8}") = "Stuff", "Stuff", "{1E63A138-45EB-4A6B-AE99-E74EB9667F3B}"
	ProjectSection(SolutionItems) = preProject
		AdditionalConfigFile.txt = AdditionalConfigFile.txt
		DifferentStuff.txt = DifferentStuff.txt
		..\..\Users\aupov\Desktop\photo_2021-08-09_18-18-05.jpg = ..\..\Users\aupov\Desktop\photo_2021-08-09_18-18-05.jpg
		SwaggerSetupXMLDocker.txt = SwaggerSetupXMLDocker.txt
	EndProjectSection
EndProject
Project("{2150E333-8FDC-42A3-9474-1A3956D46DE8}") = "Logging", "Logging", "{DF73CAD2-6826-4D96-BC96-DDB7DBDD9F8B}"
EndProject
Project("{9A19103F-16F7-4668-BE54-9A1E7A4F7556}") = "LogingWithSerilog", "Logging\LogingWithSerilog\LogingWithSerilog.csproj", "{5639737F-A2AC-4764-944C-8DA29E482663}"
EndProject
Project("{9A19103F-16F7-4668-BE54-9A1E7A4F7556}") = "BaseCoreLogging", "Logging\BaseCoreLogging\BaseCoreLogging.csproj", "{C61AADB4-9402-4D35-BD2D-5A1E07583842}"
EndProject
Project("{2150E333-8FDC-42A3-9474-1A3956D46DE8}") = "Solution Items", "Solution Items", "{857F269E-E9A9-420B-9247-7982437270DF}"
	ProjectSection(SolutionItems) = preProject
		Different.txt = Different.txt
		SeeFromOtherBuild.txt = SeeFromOtherBuild.txt
		ToAdd.txt = ToAdd.txt
		VisualStudioSettings.txt = VisualStudioSettings.txt
	EndProjectSection
EndProject
Project("{2150E333-8FDC-42A3-9474-1A3956D46DE8}") = "WorkerService", "WorkerService", "{27976853-A2BF-4B76-91AB-66E1F674A87C}"
EndProject
Project("{2150E333-8FDC-42A3-9474-1A3956D46DE8}") = "WebExcel", "WebExcel", "{BC779C62-0CF4-470A-B73D-4606CA33EE38}"
EndProject
Project("{9A19103F-16F7-4668-BE54-9A1E7A4F7556}") = "DPSService", "WorkerService\DPSService\DPSService.csproj", "{1D30C5CB-DD3A-4FDA-8088-5A5A6D7E1AAC}"
EndProject
Project("{9A19103F-16F7-4668-BE54-9A1E7A4F7556}") = "DPSWeb", "WebExcel\DPSWeb\DPSWeb.csproj", "{248767B8-A85D-4216-8DB2-5BE65D45EE12}"
EndProject
Project("{2150E333-8FDC-42A3-9474-1A3956D46DE8}") = "ApiVersioning", "ApiVersioning", "{F5560B86-E612-4A1F-BA66-981D92796360}"
EndProject
Project("{9A19103F-16F7-4668-BE54-9A1E7A4F7556}") = "ApiVersioning", "ApiVersioning\ApiVersioning\ApiVersioning.csproj", "{9D2D6AB2-B00B-4216-B187-373F817EC1B1}"
EndProject
Project("{2150E333-8FDC-42A3-9474-1A3956D46DE8}") = "Excel", "Excel", "{6CE6EB07-4DCC-4810-8B1E-922F67864089}"
EndProject
Project("{9A19103F-16F7-4668-BE54-9A1E7A4F7556}") = "ExcelDemo", "Excel\ExcelDemo\ExcelDemo.csproj", "{ED369A18-DFC0-4E45-AB9C-2DAF058410FA}"
EndProject
Project("{2150E333-8FDC-42A3-9474-1A3956D46DE8}") = "ReactPublish", "ReactPublish", "{1BB0E58A-6739-4048-A823-0E311E0718B1}"
	ProjectSection(SolutionItems) = preProject
		..\..\Users\aupov\Desktop\web.config = ..\..\Users\aupov\Desktop\web.config
	EndProjectSection
EndProject
Project("{2150E333-8FDC-42A3-9474-1A3956D46DE8}") = "IISDeploy", "IISDeploy", "{8C78E93B-09EA-4BA1-92B6-C2AB5C18BF3D}"
	ProjectSection(SolutionItems) = preProject
		Explain.txt = Explain.txt
		web.config = web.config
	EndProjectSection
EndProject
Project("{2150E333-8FDC-42A3-9474-1A3956D46DE8}") = "FluentEmail", "FluentEmail", "{6AE995F3-B50A-49A5-B481-A7B2BF8954FC}"
EndProject
Project("{9A19103F-16F7-4668-BE54-9A1E7A4F7556}") = "EmailDemo", "FluentEmail\EmailDemo\EmailDemo.csproj", "{59D6D75D-6711-41AE-9B1C-786548775C01}"
EndProject
Project("{2150E333-8FDC-42A3-9474-1A3956D46DE8}") = "GraphQL", "GraphQL", "{24AA3F91-A9DC-4565-8751-979E63469401}"
EndProject
Project("{9A19103F-16F7-4668-BE54-9A1E7A4F7556}") = "CommanderGQL", "GraghQL\CommanderGQL.csproj", "{A71445D8-B848-4690-BDE2-61DAC2C89ABA}"
EndProject
Project("{9A19103F-16F7-4668-BE54-9A1E7A4F7556}") = "DataUploader", "Logging\NLog\DataUploader\DataUploader.csproj", "{4B800FF2-2D4A-43ED-8179-67014289A37A}"
EndProject
Project("{2150E333-8FDC-42A3-9474-1A3956D46DE8}") = "MongoDB", "MongoDB", "{077923BD-6F7A-45BF-9AE4-D906981E9ADA}"
EndProject
Project("{9A19103F-16F7-4668-BE54-9A1E7A4F7556}") = "MongoDB", "..\..\Users\aupov\source\repos\MongoDBApp\MongoDB\MongoDB.csproj", "{7539FE59-E9EE-42F5-BBD4-F24FA81F068F}"
EndProject
Project("{2150E333-8FDC-42A3-9474-1A3956D46DE8}") = "MediatRCQRS", "MediatRCQRS", "{836AAC8D-4044-4635-9D1E-1D916CF4318F}"
EndProject
Project("{9A19103F-16F7-4668-BE54-9A1E7A4F7556}") = "BlazorUI", "MediatRCQRS\BlazorUI\BlazorUI.csproj", "{CDD0E08A-4674-444C-ADA7-80E68137B741}"
EndProject
Project("{9A19103F-16F7-4668-BE54-9A1E7A4F7556}") = "DemoApi", "MediatRCQRS\DemoApi\DemoApi.csproj", "{88D5A92B-BA78-43E3-9486-CE677F6A953C}"
EndProject
Project("{9A19103F-16F7-4668-BE54-9A1E7A4F7556}") = "DemoLibrary", "MediatRCQRS\DemoLibrary\DemoLibrary.csproj", "{0CA09A80-4245-4B87-89B8-F4D926462E26}"
EndProject
Project("{2150E333-8FDC-42A3-9474-1A3956D46DE8}") = "Humanizer", "Humanizer", "{D5E853A0-43DC-467D-BBAC-6FEFC627EE25}"
	ProjectSection(SolutionItems) = preProject
		HumanReadable.txt = HumanReadable.txt
	EndProjectSection
EndProject
Project("{2150E333-8FDC-42A3-9474-1A3956D46DE8}") = "Thread", "Thread", "{A6C27F4A-AF6F-4518-88CC-752EA5B8795D}"
	ProjectSection(SolutionItems) = preProject
		When All extension.PNG = When All extension.PNG
	EndProjectSection
EndProject
Project("{2150E333-8FDC-42A3-9474-1A3956D46DE8}") = "Ocelot", "Ocelot", "{26039978-91E9-4F76-977E-DE7365EAA55E}"
EndProject
Project("{9A19103F-16F7-4668-BE54-9A1E7A4F7556}") = "Ocelot.Demo", "Ocelot\Ocelot.Demo.csproj", "{18AE5F2D-A700-41F6-9398-57ECF92DA14C}"
EndProject
Project("{2150E333-8FDC-42A3-9474-1A3956D46DE8}") = "Refit", "Refit", "{80AA831D-1FF7-4E0A-B261-9DFBCE25DF8C}"
	ProjectSection(SolutionItems) = preProject
		Refit\RefitDemoApp.sln = Refit\RefitDemoApp.sln
	EndProjectSection
EndProject
Project("{9A19103F-16F7-4668-BE54-9A1E7A4F7556}") = "SimpleApi", "Refit\SimpleApi\SimpleApi.csproj", "{F4710D06-0152-4A3B-B9D9-280CA462852B}"
EndProject
Project("{9A19103F-16F7-4668-BE54-9A1E7A4F7556}") = "SimpleUI", "Refit\SimpleUI\SimpleUI.csproj", "{FE433796-623D-42F6-BF49-0D12F35C5A3A}"
EndProject
Project("{2150E333-8FDC-42A3-9474-1A3956D46DE8}") = "Culture", "Culture", "{12D6C35E-46C4-416E-8844-5B41E13A57B2}"
EndProject
Project("{9A19103F-16F7-4668-BE54-9A1E7A4F7556}") = "CultureSetter", "..\..\Users\aupov\source\repos\CultureSetter\CultureSetter\CultureSetter.csproj", "{95187D91-4782-4A8A-8F47-D657A7640E58}"
EndProject
Project("{2150E333-8FDC-42A3-9474-1A3956D46DE8}") = "Identity", "Identity", "{3D28E08A-4A2A-4475-AE24-9399471E7F24}"
EndProject
Project("{9A19103F-16F7-4668-BE54-9A1E7A4F7556}") = "IdentityMetanit", "Identity\IdentityMetanit\IdentityMetanit.csproj", "{E9C936D4-1061-4A03-A83F-7DBE212CB1B7}"
EndProject
Project("{2150E333-8FDC-42A3-9474-1A3956D46DE8}") = "ProfilerAndGC", "ProfilerAndGC", "{33705137-E588-4683-B054-DEE6A08408C6}"
	ProjectSection(SolutionItems) = preProject
		feature.txt = feature.txt
	EndProjectSection
EndProject
Project("{9A19103F-16F7-4668-BE54-9A1E7A4F7556}") = "Ef6NewFeatures", "Ef6NewFeatures\Ef6NewFeatures.csproj", "{5CF65B32-3262-4131-B677-3CC498FD0762}"
EndProject
Project("{9A19103F-16F7-4668-BE54-9A1E7A4F7556}") = "MongoDataAccess", "MongoDB\ConnectMongoDBToCSharp\MongoDataAccess\MongoDataAccess.csproj", "{AED6B1E1-BB7D-4E07-8978-63DB0A918660}"
EndProject
Project("{9A19103F-16F7-4668-BE54-9A1E7A4F7556}") = "DataAccessLibrary", "cacheing\IntroToInMemoryCaching\DataAccessLibrary\DataAccessLibrary.csproj", "{BAD03FD3-14D9-4D9E-8C54-01B00C9956D8}"
EndProject
Project("{9A19103F-16F7-4668-BE54-9A1E7A4F7556}") = "CachingExample", "cacheing\IntroToInMemoryCaching\CachingExample\CachingExample.csproj", "{F41D05C0-3A8F-4715-8875-35996B8D81C6}"
EndProject
Project("{2150E333-8FDC-42A3-9474-1A3956D46DE8}") = "ElasticLogger", "ElasticLogger", "{F7BC7F3B-0DA7-4B73-A145-E221C43CCF69}"
EndProject
Project("{9A19103F-16F7-4668-BE54-9A1E7A4F7556}") = "LogService", "ElasticSearchLogger\LogService\LogService.csproj", "{5B653F1C-02E1-4AD1-BA4E-2DD7E30DCBDF}"
EndProject
Project("{9A19103F-16F7-4668-BE54-9A1E7A4F7556}") = "ElasticLogBuilder", "ElasticSearchLogger\ElasticLogBuilder\ElasticLogBuilder.csproj", "{1D146B0F-DE90-47DB-8318-72B3F0C0F16E}"
EndProject
Project("{2150E333-8FDC-42A3-9474-1A3956D46DE8}") = "JsonSerializer", "JsonSerializer", "{474B2201-FAEA-4CB3-9B28-65EBFA1E8AD8}"
	ProjectSection(SolutionItems) = preProject
		Class1.cs = Class1.cs
	EndProjectSection
EndProject
Project("{2150E333-8FDC-42A3-9474-1A3956D46DE8}") = "SQL", "SQL", "{BE73F3A6-1303-484A-872F-71C9B95C6832}"
	ProjectSection(SolutionItems) = preProject
		SQLDifferent.txt = SQLDifferent.txt
	EndProjectSection
EndProject
Project("{9A19103F-16F7-4668-BE54-9A1E7A4F7556}") = "RedisDemo", "cacheing\Redis\RedisDemo\RedisDemo.csproj", "{749992D7-693A-4406-BCC2-1B40970E860B}"
EndProject
Project("{2150E333-8FDC-42A3-9474-1A3956D46DE8}") = "Sheduller", "Sheduller", "{3B097C6D-8988-4B78-9A74-78A5FAF86069}"
EndProject
Project("{9A19103F-16F7-4668-BE54-9A1E7A4F7556}") = "NotificationService", "Sheduller\NotificationService\NotificationService.csproj", "{E8AB98F2-2216-4F92-9E48-8F949058CF78}"
EndProject
Project("{2150E333-8FDC-42A3-9474-1A3956D46DE8}") = "Redis", "Redis", "{8E87ADEA-49E2-4F08-94E0-45917B8D87AE}"
EndProject
Project("{9A19103F-16F7-4668-BE54-9A1E7A4F7556}") = "CacheService", "Redis\CacheService.csproj", "{D099CC18-04DB-4325-844D-3A350BF59FA1}"
EndProject
Project("{2150E333-8FDC-42A3-9474-1A3956D46DE8}") = "InterceprorPipeline", "InterceprorPipeline", "{F9ADE052-B40F-414F-9BB4-6148CAE25991}"
EndProject
Project("{9A19103F-16F7-4668-BE54-9A1E7A4F7556}") = "InterceptPipeline", "Interceptor\InterceptPipeline.csproj", "{5ECFBC32-3A1C-42C4-8B44-90016DE6B450}"
EndProject
Project("{2150E333-8FDC-42A3-9474-1A3956D46DE8}") = "SecretsVault", "SecretsVault", "{491A7FE6-7ED3-4B3B-8973-00B66F44FAF6}"
EndProject
Project("{2150E333-8FDC-42A3-9474-1A3956D46DE8}") = "Aws", "Aws", "{D4CF82CE-D6F3-4AE8-B602-F0F65648934E}"
EndProject
Project("{2150E333-8FDC-42A3-9474-1A3956D46DE8}") = "DIFeatures", "DIFeatures", "{C7DCA2D8-1A78-412B-A07D-2B998B9726D8}"
	ProjectSection(SolutionItems) = preProject
		Program.cs = Program.cs
		Services.cs = Services.cs
	EndProjectSection
EndProject
Global
	GlobalSection(SolutionConfigurationPlatforms) = preSolution
		Debug|Any CPU = Debug|Any CPU
		Docker|Any CPU = Docker|Any CPU
		Release|Any CPU = Release|Any CPU
	EndGlobalSection
	GlobalSection(ProjectConfigurationPlatforms) = postSolution
		{EF15C279-7A0F-43ED-B360-A73BAF85C74D}.Debug|Any CPU.ActiveCfg = Debug|Any CPU
		{EF15C279-7A0F-43ED-B360-A73BAF85C74D}.Debug|Any CPU.Build.0 = Debug|Any CPU
		{EF15C279-7A0F-43ED-B360-A73BAF85C74D}.Docker|Any CPU.ActiveCfg = Debug|Any CPU
		{EF15C279-7A0F-43ED-B360-A73BAF85C74D}.Docker|Any CPU.Build.0 = Debug|Any CPU
		{EF15C279-7A0F-43ED-B360-A73BAF85C74D}.Release|Any CPU.ActiveCfg = Release|Any CPU
		{EF15C279-7A0F-43ED-B360-A73BAF85C74D}.Release|Any CPU.Build.0 = Release|Any CPU
		{5F3C5283-183B-41CD-A111-9CE697B9FAB0}.Debug|Any CPU.ActiveCfg = Debug|Any CPU
		{5F3C5283-183B-41CD-A111-9CE697B9FAB0}.Debug|Any CPU.Build.0 = Debug|Any CPU
		{5F3C5283-183B-41CD-A111-9CE697B9FAB0}.Docker|Any CPU.ActiveCfg = Debug|Any CPU
		{5F3C5283-183B-41CD-A111-9CE697B9FAB0}.Docker|Any CPU.Build.0 = Debug|Any CPU
		{5F3C5283-183B-41CD-A111-9CE697B9FAB0}.Release|Any CPU.ActiveCfg = Release|Any CPU
		{5F3C5283-183B-41CD-A111-9CE697B9FAB0}.Release|Any CPU.Build.0 = Release|Any CPU
		{1E5A7809-E835-46C3-A4D3-B622ABD54475}.Debug|Any CPU.ActiveCfg = Debug|Any CPU
		{1E5A7809-E835-46C3-A4D3-B622ABD54475}.Debug|Any CPU.Build.0 = Debug|Any CPU
		{1E5A7809-E835-46C3-A4D3-B622ABD54475}.Docker|Any CPU.ActiveCfg = Debug|Any CPU
		{1E5A7809-E835-46C3-A4D3-B622ABD54475}.Release|Any CPU.ActiveCfg = Release|Any CPU
		{1E5A7809-E835-46C3-A4D3-B622ABD54475}.Release|Any CPU.Build.0 = Release|Any CPU
		{CFA44659-90FE-45D4-BAB9-5317B15585FF}.Debug|Any CPU.ActiveCfg = Debug|Any CPU
		{CFA44659-90FE-45D4-BAB9-5317B15585FF}.Debug|Any CPU.Build.0 = Debug|Any CPU
		{CFA44659-90FE-45D4-BAB9-5317B15585FF}.Docker|Any CPU.ActiveCfg = Debug|Any CPU
		{CFA44659-90FE-45D4-BAB9-5317B15585FF}.Docker|Any CPU.Build.0 = Debug|Any CPU
		{CFA44659-90FE-45D4-BAB9-5317B15585FF}.Release|Any CPU.ActiveCfg = Release|Any CPU
		{CFA44659-90FE-45D4-BAB9-5317B15585FF}.Release|Any CPU.Build.0 = Release|Any CPU
		{2DD73E73-F45B-409E-9462-4FB2EBBB95D7}.Debug|Any CPU.ActiveCfg = Debug|Any CPU
		{2DD73E73-F45B-409E-9462-4FB2EBBB95D7}.Debug|Any CPU.Build.0 = Debug|Any CPU
		{2DD73E73-F45B-409E-9462-4FB2EBBB95D7}.Docker|Any CPU.ActiveCfg = Debug|Any CPU
		{2DD73E73-F45B-409E-9462-4FB2EBBB95D7}.Docker|Any CPU.Build.0 = Debug|Any CPU
		{2DD73E73-F45B-409E-9462-4FB2EBBB95D7}.Release|Any CPU.ActiveCfg = Release|Any CPU
		{2DD73E73-F45B-409E-9462-4FB2EBBB95D7}.Release|Any CPU.Build.0 = Release|Any CPU
		{EB94E9D7-7635-4CCD-BE3A-E3E70E484CBD}.Debug|Any CPU.ActiveCfg = Debug|Any CPU
		{EB94E9D7-7635-4CCD-BE3A-E3E70E484CBD}.Debug|Any CPU.Build.0 = Debug|Any CPU
		{EB94E9D7-7635-4CCD-BE3A-E3E70E484CBD}.Docker|Any CPU.ActiveCfg = Debug|Any CPU
		{EB94E9D7-7635-4CCD-BE3A-E3E70E484CBD}.Docker|Any CPU.Build.0 = Debug|Any CPU
		{EB94E9D7-7635-4CCD-BE3A-E3E70E484CBD}.Release|Any CPU.ActiveCfg = Release|Any CPU
		{EB94E9D7-7635-4CCD-BE3A-E3E70E484CBD}.Release|Any CPU.Build.0 = Release|Any CPU
		{52C7DA6C-BCC6-4D20-9E7A-39B9CFE29730}.Debug|Any CPU.ActiveCfg = Debug|Any CPU
		{52C7DA6C-BCC6-4D20-9E7A-39B9CFE29730}.Debug|Any CPU.Build.0 = Debug|Any CPU
		{52C7DA6C-BCC6-4D20-9E7A-39B9CFE29730}.Docker|Any CPU.ActiveCfg = Debug|Any CPU
		{52C7DA6C-BCC6-4D20-9E7A-39B9CFE29730}.Docker|Any CPU.Build.0 = Debug|Any CPU
		{52C7DA6C-BCC6-4D20-9E7A-39B9CFE29730}.Release|Any CPU.ActiveCfg = Release|Any CPU
		{52C7DA6C-BCC6-4D20-9E7A-39B9CFE29730}.Release|Any CPU.Build.0 = Release|Any CPU
		{5B0FC51D-D35C-426E-BC04-32439FBDB68F}.Debug|Any CPU.ActiveCfg = Debug|Any CPU
		{5B0FC51D-D35C-426E-BC04-32439FBDB68F}.Debug|Any CPU.Build.0 = Debug|Any CPU
		{5B0FC51D-D35C-426E-BC04-32439FBDB68F}.Docker|Any CPU.ActiveCfg = Debug|Any CPU
		{5B0FC51D-D35C-426E-BC04-32439FBDB68F}.Docker|Any CPU.Build.0 = Debug|Any CPU
		{5B0FC51D-D35C-426E-BC04-32439FBDB68F}.Release|Any CPU.ActiveCfg = Release|Any CPU
		{5B0FC51D-D35C-426E-BC04-32439FBDB68F}.Release|Any CPU.Build.0 = Release|Any CPU
		{BDAD5D90-BBDE-4148-9290-84B832617D96}.Debug|Any CPU.ActiveCfg = Debug|Any CPU
		{BDAD5D90-BBDE-4148-9290-84B832617D96}.Debug|Any CPU.Build.0 = Debug|Any CPU
		{BDAD5D90-BBDE-4148-9290-84B832617D96}.Docker|Any CPU.ActiveCfg = Debug|Any CPU
		{BDAD5D90-BBDE-4148-9290-84B832617D96}.Docker|Any CPU.Build.0 = Debug|Any CPU
		{BDAD5D90-BBDE-4148-9290-84B832617D96}.Release|Any CPU.ActiveCfg = Release|Any CPU
		{BDAD5D90-BBDE-4148-9290-84B832617D96}.Release|Any CPU.Build.0 = Release|Any CPU
		{8C374DC3-ED19-4CE5-AB4E-7C0586AEECE3}.Debug|Any CPU.ActiveCfg = Debug|Any CPU
		{8C374DC3-ED19-4CE5-AB4E-7C0586AEECE3}.Debug|Any CPU.Build.0 = Debug|Any CPU
		{8C374DC3-ED19-4CE5-AB4E-7C0586AEECE3}.Docker|Any CPU.ActiveCfg = Debug|Any CPU
		{8C374DC3-ED19-4CE5-AB4E-7C0586AEECE3}.Docker|Any CPU.Build.0 = Debug|Any CPU
		{8C374DC3-ED19-4CE5-AB4E-7C0586AEECE3}.Release|Any CPU.ActiveCfg = Release|Any CPU
		{8C374DC3-ED19-4CE5-AB4E-7C0586AEECE3}.Release|Any CPU.Build.0 = Release|Any CPU
		{398C231C-3C6B-4F4E-9090-97A3B227CE72}.Debug|Any CPU.ActiveCfg = Debug|Any CPU
		{398C231C-3C6B-4F4E-9090-97A3B227CE72}.Debug|Any CPU.Build.0 = Debug|Any CPU
		{398C231C-3C6B-4F4E-9090-97A3B227CE72}.Docker|Any CPU.ActiveCfg = Debug|Any CPU
		{398C231C-3C6B-4F4E-9090-97A3B227CE72}.Docker|Any CPU.Build.0 = Debug|Any CPU
		{398C231C-3C6B-4F4E-9090-97A3B227CE72}.Release|Any CPU.ActiveCfg = Release|Any CPU
		{398C231C-3C6B-4F4E-9090-97A3B227CE72}.Release|Any CPU.Build.0 = Release|Any CPU
		{16179BB5-4076-4847-8300-68D9422F7589}.Debug|Any CPU.ActiveCfg = Debug|Any CPU
		{16179BB5-4076-4847-8300-68D9422F7589}.Debug|Any CPU.Build.0 = Debug|Any CPU
		{16179BB5-4076-4847-8300-68D9422F7589}.Docker|Any CPU.ActiveCfg = Debug|Any CPU
		{16179BB5-4076-4847-8300-68D9422F7589}.Docker|Any CPU.Build.0 = Debug|Any CPU
		{16179BB5-4076-4847-8300-68D9422F7589}.Release|Any CPU.ActiveCfg = Release|Any CPU
		{16179BB5-4076-4847-8300-68D9422F7589}.Release|Any CPU.Build.0 = Release|Any CPU
		{CBF4DD12-CE92-43E8-964F-69B92C25D585}.Debug|Any CPU.ActiveCfg = Debug|Any CPU
		{CBF4DD12-CE92-43E8-964F-69B92C25D585}.Debug|Any CPU.Build.0 = Debug|Any CPU
		{CBF4DD12-CE92-43E8-964F-69B92C25D585}.Docker|Any CPU.ActiveCfg = Debug|Any CPU
		{CBF4DD12-CE92-43E8-964F-69B92C25D585}.Docker|Any CPU.Build.0 = Debug|Any CPU
		{CBF4DD12-CE92-43E8-964F-69B92C25D585}.Release|Any CPU.ActiveCfg = Release|Any CPU
		{CBF4DD12-CE92-43E8-964F-69B92C25D585}.Release|Any CPU.Build.0 = Release|Any CPU
		{D6F56F9F-8D94-42CE-A7ED-CF8421366F1E}.Debug|Any CPU.ActiveCfg = Debug|Any CPU
		{D6F56F9F-8D94-42CE-A7ED-CF8421366F1E}.Debug|Any CPU.Build.0 = Debug|Any CPU
		{D6F56F9F-8D94-42CE-A7ED-CF8421366F1E}.Docker|Any CPU.ActiveCfg = Debug|Any CPU
		{D6F56F9F-8D94-42CE-A7ED-CF8421366F1E}.Docker|Any CPU.Build.0 = Debug|Any CPU
		{D6F56F9F-8D94-42CE-A7ED-CF8421366F1E}.Release|Any CPU.ActiveCfg = Release|Any CPU
		{D6F56F9F-8D94-42CE-A7ED-CF8421366F1E}.Release|Any CPU.Build.0 = Release|Any CPU
		{5D8277CE-8E12-4D44-9ACC-B836DF5A16FA}.Debug|Any CPU.ActiveCfg = Debug|Any CPU
		{5D8277CE-8E12-4D44-9ACC-B836DF5A16FA}.Debug|Any CPU.Build.0 = Debug|Any CPU
		{5D8277CE-8E12-4D44-9ACC-B836DF5A16FA}.Docker|Any CPU.ActiveCfg = Debug|Any CPU
		{5D8277CE-8E12-4D44-9ACC-B836DF5A16FA}.Docker|Any CPU.Build.0 = Debug|Any CPU
		{5D8277CE-8E12-4D44-9ACC-B836DF5A16FA}.Release|Any CPU.ActiveCfg = Release|Any CPU
		{5D8277CE-8E12-4D44-9ACC-B836DF5A16FA}.Release|Any CPU.Build.0 = Release|Any CPU
		{A9DF7D92-5C39-432C-8456-8E46C1505F7E}.Debug|Any CPU.ActiveCfg = Debug|Any CPU
		{A9DF7D92-5C39-432C-8456-8E46C1505F7E}.Debug|Any CPU.Build.0 = Debug|Any CPU
		{A9DF7D92-5C39-432C-8456-8E46C1505F7E}.Docker|Any CPU.ActiveCfg = Debug|Any CPU
		{A9DF7D92-5C39-432C-8456-8E46C1505F7E}.Docker|Any CPU.Build.0 = Debug|Any CPU
		{A9DF7D92-5C39-432C-8456-8E46C1505F7E}.Release|Any CPU.ActiveCfg = Release|Any CPU
		{A9DF7D92-5C39-432C-8456-8E46C1505F7E}.Release|Any CPU.Build.0 = Release|Any CPU
		{658FACA0-D9B3-4ADD-AF90-93DDC73796F7}.Debug|Any CPU.ActiveCfg = Debug|Any CPU
		{658FACA0-D9B3-4ADD-AF90-93DDC73796F7}.Debug|Any CPU.Build.0 = Debug|Any CPU
		{658FACA0-D9B3-4ADD-AF90-93DDC73796F7}.Docker|Any CPU.ActiveCfg = Debug|Any CPU
		{658FACA0-D9B3-4ADD-AF90-93DDC73796F7}.Docker|Any CPU.Build.0 = Debug|Any CPU
		{658FACA0-D9B3-4ADD-AF90-93DDC73796F7}.Release|Any CPU.ActiveCfg = Release|Any CPU
		{658FACA0-D9B3-4ADD-AF90-93DDC73796F7}.Release|Any CPU.Build.0 = Release|Any CPU
		{9A53BCFA-0A07-4D78-AA8B-BE9C010F5129}.Debug|Any CPU.ActiveCfg = Debug|Any CPU
		{9A53BCFA-0A07-4D78-AA8B-BE9C010F5129}.Debug|Any CPU.Build.0 = Debug|Any CPU
		{9A53BCFA-0A07-4D78-AA8B-BE9C010F5129}.Docker|Any CPU.ActiveCfg = Debug|Any CPU
		{9A53BCFA-0A07-4D78-AA8B-BE9C010F5129}.Docker|Any CPU.Build.0 = Debug|Any CPU
		{9A53BCFA-0A07-4D78-AA8B-BE9C010F5129}.Release|Any CPU.ActiveCfg = Release|Any CPU
		{9A53BCFA-0A07-4D78-AA8B-BE9C010F5129}.Release|Any CPU.Build.0 = Release|Any CPU
		{2A911959-248A-409D-A400-97CD1AF772D2}.Debug|Any CPU.ActiveCfg = Debug|Any CPU
		{2A911959-248A-409D-A400-97CD1AF772D2}.Debug|Any CPU.Build.0 = Debug|Any CPU
		{2A911959-248A-409D-A400-97CD1AF772D2}.Docker|Any CPU.ActiveCfg = Debug|Any CPU
		{2A911959-248A-409D-A400-97CD1AF772D2}.Docker|Any CPU.Build.0 = Debug|Any CPU
		{2A911959-248A-409D-A400-97CD1AF772D2}.Release|Any CPU.ActiveCfg = Release|Any CPU
		{2A911959-248A-409D-A400-97CD1AF772D2}.Release|Any CPU.Build.0 = Release|Any CPU
		{DE8A8BFD-FECB-4B5D-B37D-8EE6F1F85DFC}.Debug|Any CPU.ActiveCfg = Debug|Any CPU
		{DE8A8BFD-FECB-4B5D-B37D-8EE6F1F85DFC}.Debug|Any CPU.Build.0 = Debug|Any CPU
		{DE8A8BFD-FECB-4B5D-B37D-8EE6F1F85DFC}.Docker|Any CPU.ActiveCfg = Debug|Any CPU
		{DE8A8BFD-FECB-4B5D-B37D-8EE6F1F85DFC}.Docker|Any CPU.Build.0 = Debug|Any CPU
		{DE8A8BFD-FECB-4B5D-B37D-8EE6F1F85DFC}.Release|Any CPU.ActiveCfg = Release|Any CPU
		{DE8A8BFD-FECB-4B5D-B37D-8EE6F1F85DFC}.Release|Any CPU.Build.0 = Release|Any CPU
		{1F5A1288-B0CB-4146-AD2B-F1A9FE556B27}.Debug|Any CPU.ActiveCfg = Debug|Any CPU
		{1F5A1288-B0CB-4146-AD2B-F1A9FE556B27}.Debug|Any CPU.Build.0 = Debug|Any CPU
		{1F5A1288-B0CB-4146-AD2B-F1A9FE556B27}.Docker|Any CPU.ActiveCfg = Debug|Any CPU
		{1F5A1288-B0CB-4146-AD2B-F1A9FE556B27}.Docker|Any CPU.Build.0 = Debug|Any CPU
		{1F5A1288-B0CB-4146-AD2B-F1A9FE556B27}.Release|Any CPU.ActiveCfg = Release|Any CPU
		{1F5A1288-B0CB-4146-AD2B-F1A9FE556B27}.Release|Any CPU.Build.0 = Release|Any CPU
		{F8360A00-82D6-46EF-8E70-E46795D42AE0}.Debug|Any CPU.ActiveCfg = Debug|Any CPU
		{F8360A00-82D6-46EF-8E70-E46795D42AE0}.Debug|Any CPU.Build.0 = Debug|Any CPU
		{F8360A00-82D6-46EF-8E70-E46795D42AE0}.Docker|Any CPU.ActiveCfg = Debug|Any CPU
		{F8360A00-82D6-46EF-8E70-E46795D42AE0}.Docker|Any CPU.Build.0 = Debug|Any CPU
		{F8360A00-82D6-46EF-8E70-E46795D42AE0}.Release|Any CPU.ActiveCfg = Release|Any CPU
		{F8360A00-82D6-46EF-8E70-E46795D42AE0}.Release|Any CPU.Build.0 = Release|Any CPU
		{4EDFA86B-858E-4471-BBBB-56DE8EDF478E}.Debug|Any CPU.ActiveCfg = Debug|Any CPU
		{4EDFA86B-858E-4471-BBBB-56DE8EDF478E}.Debug|Any CPU.Build.0 = Debug|Any CPU
		{4EDFA86B-858E-4471-BBBB-56DE8EDF478E}.Docker|Any CPU.ActiveCfg = Debug|Any CPU
		{4EDFA86B-858E-4471-BBBB-56DE8EDF478E}.Docker|Any CPU.Build.0 = Debug|Any CPU
		{4EDFA86B-858E-4471-BBBB-56DE8EDF478E}.Release|Any CPU.ActiveCfg = Release|Any CPU
		{4EDFA86B-858E-4471-BBBB-56DE8EDF478E}.Release|Any CPU.Build.0 = Release|Any CPU
		{665A0895-5A77-47A6-BB59-0A65771C22FC}.Debug|Any CPU.ActiveCfg = Debug|Any CPU
		{665A0895-5A77-47A6-BB59-0A65771C22FC}.Debug|Any CPU.Build.0 = Debug|Any CPU
		{665A0895-5A77-47A6-BB59-0A65771C22FC}.Docker|Any CPU.ActiveCfg = Debug|Any CPU
		{665A0895-5A77-47A6-BB59-0A65771C22FC}.Release|Any CPU.ActiveCfg = Release|Any CPU
		{665A0895-5A77-47A6-BB59-0A65771C22FC}.Release|Any CPU.Build.0 = Release|Any CPU
		{14D1DE71-C689-429B-9BE5-2FE3C15EB269}.Debug|Any CPU.ActiveCfg = Debug|Any CPU
		{14D1DE71-C689-429B-9BE5-2FE3C15EB269}.Debug|Any CPU.Build.0 = Debug|Any CPU
		{14D1DE71-C689-429B-9BE5-2FE3C15EB269}.Docker|Any CPU.ActiveCfg = Debug|Any CPU
		{14D1DE71-C689-429B-9BE5-2FE3C15EB269}.Docker|Any CPU.Build.0 = Debug|Any CPU
		{14D1DE71-C689-429B-9BE5-2FE3C15EB269}.Release|Any CPU.ActiveCfg = Release|Any CPU
		{14D1DE71-C689-429B-9BE5-2FE3C15EB269}.Release|Any CPU.Build.0 = Release|Any CPU
		{D0DC487A-DA69-4A92-95B0-75D41480A5BC}.Debug|Any CPU.ActiveCfg = Debug|Any CPU
		{D0DC487A-DA69-4A92-95B0-75D41480A5BC}.Debug|Any CPU.Build.0 = Debug|Any CPU
		{D0DC487A-DA69-4A92-95B0-75D41480A5BC}.Docker|Any CPU.ActiveCfg = Debug|Any CPU
		{D0DC487A-DA69-4A92-95B0-75D41480A5BC}.Docker|Any CPU.Build.0 = Debug|Any CPU
		{D0DC487A-DA69-4A92-95B0-75D41480A5BC}.Release|Any CPU.ActiveCfg = Release|Any CPU
		{D0DC487A-DA69-4A92-95B0-75D41480A5BC}.Release|Any CPU.Build.0 = Release|Any CPU
		{F437CD2E-B554-4631-B3F7-5AFAC059A3CD}.Debug|Any CPU.ActiveCfg = Debug|Any CPU
		{F437CD2E-B554-4631-B3F7-5AFAC059A3CD}.Debug|Any CPU.Build.0 = Debug|Any CPU
		{F437CD2E-B554-4631-B3F7-5AFAC059A3CD}.Docker|Any CPU.ActiveCfg = Debug|Any CPU
		{F437CD2E-B554-4631-B3F7-5AFAC059A3CD}.Release|Any CPU.ActiveCfg = Release|Any CPU
		{F437CD2E-B554-4631-B3F7-5AFAC059A3CD}.Release|Any CPU.Build.0 = Release|Any CPU
		{586AE46E-A802-43E1-B102-9E2E058BF10C}.Debug|Any CPU.ActiveCfg = Debug|Any CPU
		{586AE46E-A802-43E1-B102-9E2E058BF10C}.Debug|Any CPU.Build.0 = Debug|Any CPU
		{586AE46E-A802-43E1-B102-9E2E058BF10C}.Docker|Any CPU.ActiveCfg = Debug|Any CPU
		{586AE46E-A802-43E1-B102-9E2E058BF10C}.Release|Any CPU.ActiveCfg = Release|Any CPU
		{586AE46E-A802-43E1-B102-9E2E058BF10C}.Release|Any CPU.Build.0 = Release|Any CPU
		{77F68AA9-C750-4A84-8D91-7CFA344ED4D6}.Debug|Any CPU.ActiveCfg = Debug|Any CPU
		{77F68AA9-C750-4A84-8D91-7CFA344ED4D6}.Debug|Any CPU.Build.0 = Debug|Any CPU
		{77F68AA9-C750-4A84-8D91-7CFA344ED4D6}.Docker|Any CPU.ActiveCfg = Debug|Any CPU
		{77F68AA9-C750-4A84-8D91-7CFA344ED4D6}.Release|Any CPU.ActiveCfg = Release|Any CPU
		{77F68AA9-C750-4A84-8D91-7CFA344ED4D6}.Release|Any CPU.Build.0 = Release|Any CPU
		{4D6A5682-CA86-4616-B5BE-82A4AB90F747}.Debug|Any CPU.ActiveCfg = Debug|Any CPU
		{4D6A5682-CA86-4616-B5BE-82A4AB90F747}.Debug|Any CPU.Build.0 = Debug|Any CPU
		{4D6A5682-CA86-4616-B5BE-82A4AB90F747}.Docker|Any CPU.ActiveCfg = Debug|Any CPU
		{4D6A5682-CA86-4616-B5BE-82A4AB90F747}.Release|Any CPU.ActiveCfg = Release|Any CPU
		{4D6A5682-CA86-4616-B5BE-82A4AB90F747}.Release|Any CPU.Build.0 = Release|Any CPU
		{D6B37AF3-07EF-4DA7-8B9E-3B731A91AB61}.Debug|Any CPU.ActiveCfg = Debug|Any CPU
		{D6B37AF3-07EF-4DA7-8B9E-3B731A91AB61}.Debug|Any CPU.Build.0 = Debug|Any CPU
		{D6B37AF3-07EF-4DA7-8B9E-3B731A91AB61}.Docker|Any CPU.ActiveCfg = Debug|Any CPU
		{D6B37AF3-07EF-4DA7-8B9E-3B731A91AB61}.Release|Any CPU.ActiveCfg = Release|Any CPU
		{D6B37AF3-07EF-4DA7-8B9E-3B731A91AB61}.Release|Any CPU.Build.0 = Release|Any CPU
		{4CCF9C3A-FD1E-4E59-B3FA-57F617119078}.Debug|Any CPU.ActiveCfg = Debug|Any CPU
		{4CCF9C3A-FD1E-4E59-B3FA-57F617119078}.Debug|Any CPU.Build.0 = Debug|Any CPU
		{4CCF9C3A-FD1E-4E59-B3FA-57F617119078}.Docker|Any CPU.ActiveCfg = Debug|Any CPU
		{4CCF9C3A-FD1E-4E59-B3FA-57F617119078}.Release|Any CPU.ActiveCfg = Release|Any CPU
		{4CCF9C3A-FD1E-4E59-B3FA-57F617119078}.Release|Any CPU.Build.0 = Release|Any CPU
		{EF53E3CE-99A5-48E4-9BEF-FE8EEF39E4D1}.Debug|Any CPU.ActiveCfg = Debug|Any CPU
		{EF53E3CE-99A5-48E4-9BEF-FE8EEF39E4D1}.Debug|Any CPU.Build.0 = Debug|Any CPU
		{EF53E3CE-99A5-48E4-9BEF-FE8EEF39E4D1}.Docker|Any CPU.ActiveCfg = Debug|Any CPU
		{EF53E3CE-99A5-48E4-9BEF-FE8EEF39E4D1}.Docker|Any CPU.Build.0 = Debug|Any CPU
		{EF53E3CE-99A5-48E4-9BEF-FE8EEF39E4D1}.Release|Any CPU.ActiveCfg = Release|Any CPU
		{EF53E3CE-99A5-48E4-9BEF-FE8EEF39E4D1}.Release|Any CPU.Build.0 = Release|Any CPU
		{15D5AD87-AF38-4503-920D-B9E13A0B2BFB}.Debug|Any CPU.ActiveCfg = Debug|Any CPU
		{15D5AD87-AF38-4503-920D-B9E13A0B2BFB}.Debug|Any CPU.Build.0 = Debug|Any CPU
		{15D5AD87-AF38-4503-920D-B9E13A0B2BFB}.Docker|Any CPU.ActiveCfg = Debug|Any CPU
		{15D5AD87-AF38-4503-920D-B9E13A0B2BFB}.Docker|Any CPU.Build.0 = Debug|Any CPU
		{15D5AD87-AF38-4503-920D-B9E13A0B2BFB}.Release|Any CPU.ActiveCfg = Release|Any CPU
		{15D5AD87-AF38-4503-920D-B9E13A0B2BFB}.Release|Any CPU.Build.0 = Release|Any CPU
		{26F82616-CFD8-4D6D-844A-E5AB95BDAA16}.Debug|Any CPU.ActiveCfg = Debug|Any CPU
		{26F82616-CFD8-4D6D-844A-E5AB95BDAA16}.Debug|Any CPU.Build.0 = Debug|Any CPU
		{26F82616-CFD8-4D6D-844A-E5AB95BDAA16}.Docker|Any CPU.ActiveCfg = Debug|Any CPU
		{26F82616-CFD8-4D6D-844A-E5AB95BDAA16}.Docker|Any CPU.Build.0 = Debug|Any CPU
		{26F82616-CFD8-4D6D-844A-E5AB95BDAA16}.Release|Any CPU.ActiveCfg = Release|Any CPU
		{26F82616-CFD8-4D6D-844A-E5AB95BDAA16}.Release|Any CPU.Build.0 = Release|Any CPU
		{4B5A03B1-A5C1-40F1-8CDA-8159A3AFCF81}.Debug|Any CPU.ActiveCfg = Debug|Any CPU
		{4B5A03B1-A5C1-40F1-8CDA-8159A3AFCF81}.Debug|Any CPU.Build.0 = Debug|Any CPU
		{4B5A03B1-A5C1-40F1-8CDA-8159A3AFCF81}.Docker|Any CPU.ActiveCfg = Debug|Any CPU
		{4B5A03B1-A5C1-40F1-8CDA-8159A3AFCF81}.Docker|Any CPU.Build.0 = Debug|Any CPU
		{4B5A03B1-A5C1-40F1-8CDA-8159A3AFCF81}.Release|Any CPU.ActiveCfg = Release|Any CPU
		{4B5A03B1-A5C1-40F1-8CDA-8159A3AFCF81}.Release|Any CPU.Build.0 = Release|Any CPU
		{AD4BA6D6-88B3-425A-A123-63B62686F256}.Debug|Any CPU.ActiveCfg = Debug|Any CPU
		{AD4BA6D6-88B3-425A-A123-63B62686F256}.Debug|Any CPU.Build.0 = Debug|Any CPU
		{AD4BA6D6-88B3-425A-A123-63B62686F256}.Docker|Any CPU.ActiveCfg = Debug|Any CPU
		{AD4BA6D6-88B3-425A-A123-63B62686F256}.Docker|Any CPU.Build.0 = Debug|Any CPU
		{AD4BA6D6-88B3-425A-A123-63B62686F256}.Release|Any CPU.ActiveCfg = Release|Any CPU
		{AD4BA6D6-88B3-425A-A123-63B62686F256}.Release|Any CPU.Build.0 = Release|Any CPU
		{331BC88D-FFCB-4F41-86F7-4AE2AA5D965B}.Debug|Any CPU.ActiveCfg = Debug|Any CPU
		{331BC88D-FFCB-4F41-86F7-4AE2AA5D965B}.Debug|Any CPU.Build.0 = Debug|Any CPU
		{331BC88D-FFCB-4F41-86F7-4AE2AA5D965B}.Docker|Any CPU.ActiveCfg = Debug|Any CPU
		{331BC88D-FFCB-4F41-86F7-4AE2AA5D965B}.Docker|Any CPU.Build.0 = Debug|Any CPU
		{331BC88D-FFCB-4F41-86F7-4AE2AA5D965B}.Release|Any CPU.ActiveCfg = Release|Any CPU
		{331BC88D-FFCB-4F41-86F7-4AE2AA5D965B}.Release|Any CPU.Build.0 = Release|Any CPU
		{971E76F1-79AC-491E-B64A-8BD4A611CC6F}.Debug|Any CPU.ActiveCfg = Debug|Any CPU
		{971E76F1-79AC-491E-B64A-8BD4A611CC6F}.Debug|Any CPU.Build.0 = Debug|Any CPU
		{971E76F1-79AC-491E-B64A-8BD4A611CC6F}.Docker|Any CPU.ActiveCfg = Debug|Any CPU
		{971E76F1-79AC-491E-B64A-8BD4A611CC6F}.Docker|Any CPU.Build.0 = Debug|Any CPU
		{971E76F1-79AC-491E-B64A-8BD4A611CC6F}.Release|Any CPU.ActiveCfg = Release|Any CPU
		{971E76F1-79AC-491E-B64A-8BD4A611CC6F}.Release|Any CPU.Build.0 = Release|Any CPU
		{EF5ECA5A-8221-41ED-81CC-A80DF8E56582}.Debug|Any CPU.ActiveCfg = Debug|Any CPU
		{EF5ECA5A-8221-41ED-81CC-A80DF8E56582}.Debug|Any CPU.Build.0 = Debug|Any CPU
		{EF5ECA5A-8221-41ED-81CC-A80DF8E56582}.Docker|Any CPU.ActiveCfg = Debug|Any CPU
		{EF5ECA5A-8221-41ED-81CC-A80DF8E56582}.Docker|Any CPU.Build.0 = Debug|Any CPU
		{EF5ECA5A-8221-41ED-81CC-A80DF8E56582}.Release|Any CPU.ActiveCfg = Release|Any CPU
		{EF5ECA5A-8221-41ED-81CC-A80DF8E56582}.Release|Any CPU.Build.0 = Release|Any CPU
		{39EB84CB-0AD2-4792-80C5-AD8219F18D74}.Debug|Any CPU.ActiveCfg = Debug|Any CPU
		{39EB84CB-0AD2-4792-80C5-AD8219F18D74}.Debug|Any CPU.Build.0 = Debug|Any CPU
		{39EB84CB-0AD2-4792-80C5-AD8219F18D74}.Docker|Any CPU.ActiveCfg = Debug|Any CPU
		{39EB84CB-0AD2-4792-80C5-AD8219F18D74}.Docker|Any CPU.Build.0 = Debug|Any CPU
		{39EB84CB-0AD2-4792-80C5-AD8219F18D74}.Release|Any CPU.ActiveCfg = Release|Any CPU
		{39EB84CB-0AD2-4792-80C5-AD8219F18D74}.Release|Any CPU.Build.0 = Release|Any CPU
		{7F7CAB8C-9F93-4B3A-B9E6-EFD92A5419B4}.Debug|Any CPU.ActiveCfg = Debug|Any CPU
		{7F7CAB8C-9F93-4B3A-B9E6-EFD92A5419B4}.Debug|Any CPU.Build.0 = Debug|Any CPU
		{7F7CAB8C-9F93-4B3A-B9E6-EFD92A5419B4}.Docker|Any CPU.ActiveCfg = Debug|Any CPU
		{7F7CAB8C-9F93-4B3A-B9E6-EFD92A5419B4}.Docker|Any CPU.Build.0 = Debug|Any CPU
		{7F7CAB8C-9F93-4B3A-B9E6-EFD92A5419B4}.Release|Any CPU.ActiveCfg = Release|Any CPU
		{7F7CAB8C-9F93-4B3A-B9E6-EFD92A5419B4}.Release|Any CPU.Build.0 = Release|Any CPU
		{18E30756-B784-4894-A22D-6E06197831AD}.Debug|Any CPU.ActiveCfg = Debug|Any CPU
		{18E30756-B784-4894-A22D-6E06197831AD}.Debug|Any CPU.Build.0 = Debug|Any CPU
		{18E30756-B784-4894-A22D-6E06197831AD}.Docker|Any CPU.ActiveCfg = Debug|Any CPU
		{18E30756-B784-4894-A22D-6E06197831AD}.Docker|Any CPU.Build.0 = Debug|Any CPU
		{18E30756-B784-4894-A22D-6E06197831AD}.Release|Any CPU.ActiveCfg = Release|Any CPU
		{18E30756-B784-4894-A22D-6E06197831AD}.Release|Any CPU.Build.0 = Release|Any CPU
		{AEAD8408-423E-430A-BE43-3E020B79856C}.Debug|Any CPU.ActiveCfg = Debug|Any CPU
		{AEAD8408-423E-430A-BE43-3E020B79856C}.Debug|Any CPU.Build.0 = Debug|Any CPU
		{AEAD8408-423E-430A-BE43-3E020B79856C}.Docker|Any CPU.ActiveCfg = Debug|Any CPU
		{AEAD8408-423E-430A-BE43-3E020B79856C}.Docker|Any CPU.Build.0 = Debug|Any CPU
		{AEAD8408-423E-430A-BE43-3E020B79856C}.Release|Any CPU.ActiveCfg = Release|Any CPU
		{AEAD8408-423E-430A-BE43-3E020B79856C}.Release|Any CPU.Build.0 = Release|Any CPU
		{4C222C53-5C3E-486B-B21C-0CF12EA685B1}.Debug|Any CPU.ActiveCfg = Debug|Any CPU
		{4C222C53-5C3E-486B-B21C-0CF12EA685B1}.Debug|Any CPU.Build.0 = Debug|Any CPU
		{4C222C53-5C3E-486B-B21C-0CF12EA685B1}.Docker|Any CPU.ActiveCfg = Debug|Any CPU
		{4C222C53-5C3E-486B-B21C-0CF12EA685B1}.Docker|Any CPU.Build.0 = Debug|Any CPU
		{4C222C53-5C3E-486B-B21C-0CF12EA685B1}.Release|Any CPU.ActiveCfg = Release|Any CPU
		{4C222C53-5C3E-486B-B21C-0CF12EA685B1}.Release|Any CPU.Build.0 = Release|Any CPU
		{5639737F-A2AC-4764-944C-8DA29E482663}.Debug|Any CPU.ActiveCfg = Debug|Any CPU
		{5639737F-A2AC-4764-944C-8DA29E482663}.Debug|Any CPU.Build.0 = Debug|Any CPU
		{5639737F-A2AC-4764-944C-8DA29E482663}.Docker|Any CPU.ActiveCfg = Debug|Any CPU
		{5639737F-A2AC-4764-944C-8DA29E482663}.Docker|Any CPU.Build.0 = Debug|Any CPU
		{5639737F-A2AC-4764-944C-8DA29E482663}.Release|Any CPU.ActiveCfg = Release|Any CPU
		{5639737F-A2AC-4764-944C-8DA29E482663}.Release|Any CPU.Build.0 = Release|Any CPU
		{C61AADB4-9402-4D35-BD2D-5A1E07583842}.Debug|Any CPU.ActiveCfg = Debug|Any CPU
		{C61AADB4-9402-4D35-BD2D-5A1E07583842}.Debug|Any CPU.Build.0 = Debug|Any CPU
		{C61AADB4-9402-4D35-BD2D-5A1E07583842}.Docker|Any CPU.ActiveCfg = Debug|Any CPU
		{C61AADB4-9402-4D35-BD2D-5A1E07583842}.Docker|Any CPU.Build.0 = Debug|Any CPU
		{C61AADB4-9402-4D35-BD2D-5A1E07583842}.Release|Any CPU.ActiveCfg = Release|Any CPU
		{C61AADB4-9402-4D35-BD2D-5A1E07583842}.Release|Any CPU.Build.0 = Release|Any CPU
		{1D30C5CB-DD3A-4FDA-8088-5A5A6D7E1AAC}.Debug|Any CPU.ActiveCfg = Debug|Any CPU
		{1D30C5CB-DD3A-4FDA-8088-5A5A6D7E1AAC}.Debug|Any CPU.Build.0 = Debug|Any CPU
		{1D30C5CB-DD3A-4FDA-8088-5A5A6D7E1AAC}.Docker|Any CPU.ActiveCfg = Debug|Any CPU
		{1D30C5CB-DD3A-4FDA-8088-5A5A6D7E1AAC}.Docker|Any CPU.Build.0 = Debug|Any CPU
		{1D30C5CB-DD3A-4FDA-8088-5A5A6D7E1AAC}.Release|Any CPU.ActiveCfg = Release|Any CPU
		{1D30C5CB-DD3A-4FDA-8088-5A5A6D7E1AAC}.Release|Any CPU.Build.0 = Release|Any CPU
		{248767B8-A85D-4216-8DB2-5BE65D45EE12}.Debug|Any CPU.ActiveCfg = Debug|Any CPU
		{248767B8-A85D-4216-8DB2-5BE65D45EE12}.Debug|Any CPU.Build.0 = Debug|Any CPU
		{248767B8-A85D-4216-8DB2-5BE65D45EE12}.Docker|Any CPU.ActiveCfg = Debug|Any CPU
		{248767B8-A85D-4216-8DB2-5BE65D45EE12}.Docker|Any CPU.Build.0 = Debug|Any CPU
		{248767B8-A85D-4216-8DB2-5BE65D45EE12}.Release|Any CPU.ActiveCfg = Release|Any CPU
		{248767B8-A85D-4216-8DB2-5BE65D45EE12}.Release|Any CPU.Build.0 = Release|Any CPU
		{9D2D6AB2-B00B-4216-B187-373F817EC1B1}.Debug|Any CPU.ActiveCfg = Debug|Any CPU
		{9D2D6AB2-B00B-4216-B187-373F817EC1B1}.Debug|Any CPU.Build.0 = Debug|Any CPU
		{9D2D6AB2-B00B-4216-B187-373F817EC1B1}.Docker|Any CPU.ActiveCfg = Debug|Any CPU
		{9D2D6AB2-B00B-4216-B187-373F817EC1B1}.Docker|Any CPU.Build.0 = Debug|Any CPU
		{9D2D6AB2-B00B-4216-B187-373F817EC1B1}.Release|Any CPU.ActiveCfg = Release|Any CPU
		{9D2D6AB2-B00B-4216-B187-373F817EC1B1}.Release|Any CPU.Build.0 = Release|Any CPU
		{ED369A18-DFC0-4E45-AB9C-2DAF058410FA}.Debug|Any CPU.ActiveCfg = Debug|Any CPU
		{ED369A18-DFC0-4E45-AB9C-2DAF058410FA}.Debug|Any CPU.Build.0 = Debug|Any CPU
		{ED369A18-DFC0-4E45-AB9C-2DAF058410FA}.Docker|Any CPU.ActiveCfg = Debug|Any CPU
		{ED369A18-DFC0-4E45-AB9C-2DAF058410FA}.Docker|Any CPU.Build.0 = Debug|Any CPU
		{ED369A18-DFC0-4E45-AB9C-2DAF058410FA}.Release|Any CPU.ActiveCfg = Release|Any CPU
		{ED369A18-DFC0-4E45-AB9C-2DAF058410FA}.Release|Any CPU.Build.0 = Release|Any CPU
		{59D6D75D-6711-41AE-9B1C-786548775C01}.Debug|Any CPU.ActiveCfg = Debug|Any CPU
		{59D6D75D-6711-41AE-9B1C-786548775C01}.Debug|Any CPU.Build.0 = Debug|Any CPU
		{59D6D75D-6711-41AE-9B1C-786548775C01}.Docker|Any CPU.ActiveCfg = Debug|Any CPU
		{59D6D75D-6711-41AE-9B1C-786548775C01}.Docker|Any CPU.Build.0 = Debug|Any CPU
		{59D6D75D-6711-41AE-9B1C-786548775C01}.Release|Any CPU.ActiveCfg = Release|Any CPU
		{59D6D75D-6711-41AE-9B1C-786548775C01}.Release|Any CPU.Build.0 = Release|Any CPU
		{A71445D8-B848-4690-BDE2-61DAC2C89ABA}.Debug|Any CPU.ActiveCfg = Debug|Any CPU
		{A71445D8-B848-4690-BDE2-61DAC2C89ABA}.Debug|Any CPU.Build.0 = Debug|Any CPU
		{A71445D8-B848-4690-BDE2-61DAC2C89ABA}.Docker|Any CPU.ActiveCfg = Debug|Any CPU
		{A71445D8-B848-4690-BDE2-61DAC2C89ABA}.Docker|Any CPU.Build.0 = Debug|Any CPU
		{A71445D8-B848-4690-BDE2-61DAC2C89ABA}.Release|Any CPU.ActiveCfg = Release|Any CPU
		{A71445D8-B848-4690-BDE2-61DAC2C89ABA}.Release|Any CPU.Build.0 = Release|Any CPU
		{4B800FF2-2D4A-43ED-8179-67014289A37A}.Debug|Any CPU.ActiveCfg = Debug|Any CPU
		{4B800FF2-2D4A-43ED-8179-67014289A37A}.Debug|Any CPU.Build.0 = Debug|Any CPU
		{4B800FF2-2D4A-43ED-8179-67014289A37A}.Docker|Any CPU.ActiveCfg = Debug|Any CPU
		{4B800FF2-2D4A-43ED-8179-67014289A37A}.Docker|Any CPU.Build.0 = Debug|Any CPU
		{4B800FF2-2D4A-43ED-8179-67014289A37A}.Release|Any CPU.ActiveCfg = Release|Any CPU
		{4B800FF2-2D4A-43ED-8179-67014289A37A}.Release|Any CPU.Build.0 = Release|Any CPU
		{7539FE59-E9EE-42F5-BBD4-F24FA81F068F}.Debug|Any CPU.ActiveCfg = Debug|Any CPU
		{7539FE59-E9EE-42F5-BBD4-F24FA81F068F}.Debug|Any CPU.Build.0 = Debug|Any CPU
		{7539FE59-E9EE-42F5-BBD4-F24FA81F068F}.Docker|Any CPU.ActiveCfg = Debug|Any CPU
		{7539FE59-E9EE-42F5-BBD4-F24FA81F068F}.Docker|Any CPU.Build.0 = Debug|Any CPU
		{7539FE59-E9EE-42F5-BBD4-F24FA81F068F}.Release|Any CPU.ActiveCfg = Release|Any CPU
		{7539FE59-E9EE-42F5-BBD4-F24FA81F068F}.Release|Any CPU.Build.0 = Release|Any CPU
		{CDD0E08A-4674-444C-ADA7-80E68137B741}.Debug|Any CPU.ActiveCfg = Debug|Any CPU
		{CDD0E08A-4674-444C-ADA7-80E68137B741}.Debug|Any CPU.Build.0 = Debug|Any CPU
		{CDD0E08A-4674-444C-ADA7-80E68137B741}.Docker|Any CPU.ActiveCfg = Debug|Any CPU
		{CDD0E08A-4674-444C-ADA7-80E68137B741}.Docker|Any CPU.Build.0 = Debug|Any CPU
		{CDD0E08A-4674-444C-ADA7-80E68137B741}.Release|Any CPU.ActiveCfg = Release|Any CPU
		{CDD0E08A-4674-444C-ADA7-80E68137B741}.Release|Any CPU.Build.0 = Release|Any CPU
		{88D5A92B-BA78-43E3-9486-CE677F6A953C}.Debug|Any CPU.ActiveCfg = Debug|Any CPU
		{88D5A92B-BA78-43E3-9486-CE677F6A953C}.Debug|Any CPU.Build.0 = Debug|Any CPU
		{88D5A92B-BA78-43E3-9486-CE677F6A953C}.Docker|Any CPU.ActiveCfg = Debug|Any CPU
		{88D5A92B-BA78-43E3-9486-CE677F6A953C}.Docker|Any CPU.Build.0 = Debug|Any CPU
		{88D5A92B-BA78-43E3-9486-CE677F6A953C}.Release|Any CPU.ActiveCfg = Release|Any CPU
		{88D5A92B-BA78-43E3-9486-CE677F6A953C}.Release|Any CPU.Build.0 = Release|Any CPU
		{0CA09A80-4245-4B87-89B8-F4D926462E26}.Debug|Any CPU.ActiveCfg = Debug|Any CPU
		{0CA09A80-4245-4B87-89B8-F4D926462E26}.Debug|Any CPU.Build.0 = Debug|Any CPU
		{0CA09A80-4245-4B87-89B8-F4D926462E26}.Docker|Any CPU.ActiveCfg = Debug|Any CPU
		{0CA09A80-4245-4B87-89B8-F4D926462E26}.Docker|Any CPU.Build.0 = Debug|Any CPU
		{0CA09A80-4245-4B87-89B8-F4D926462E26}.Release|Any CPU.ActiveCfg = Release|Any CPU
		{0CA09A80-4245-4B87-89B8-F4D926462E26}.Release|Any CPU.Build.0 = Release|Any CPU
		{18AE5F2D-A700-41F6-9398-57ECF92DA14C}.Debug|Any CPU.ActiveCfg = Debug|Any CPU
		{18AE5F2D-A700-41F6-9398-57ECF92DA14C}.Debug|Any CPU.Build.0 = Debug|Any CPU
		{18AE5F2D-A700-41F6-9398-57ECF92DA14C}.Docker|Any CPU.ActiveCfg = Debug|Any CPU
		{18AE5F2D-A700-41F6-9398-57ECF92DA14C}.Docker|Any CPU.Build.0 = Debug|Any CPU
		{18AE5F2D-A700-41F6-9398-57ECF92DA14C}.Release|Any CPU.ActiveCfg = Release|Any CPU
		{18AE5F2D-A700-41F6-9398-57ECF92DA14C}.Release|Any CPU.Build.0 = Release|Any CPU
		{F4710D06-0152-4A3B-B9D9-280CA462852B}.Debug|Any CPU.ActiveCfg = Debug|Any CPU
		{F4710D06-0152-4A3B-B9D9-280CA462852B}.Debug|Any CPU.Build.0 = Debug|Any CPU
		{F4710D06-0152-4A3B-B9D9-280CA462852B}.Docker|Any CPU.ActiveCfg = Debug|Any CPU
		{F4710D06-0152-4A3B-B9D9-280CA462852B}.Docker|Any CPU.Build.0 = Debug|Any CPU
		{F4710D06-0152-4A3B-B9D9-280CA462852B}.Release|Any CPU.ActiveCfg = Release|Any CPU
		{F4710D06-0152-4A3B-B9D9-280CA462852B}.Release|Any CPU.Build.0 = Release|Any CPU
		{FE433796-623D-42F6-BF49-0D12F35C5A3A}.Debug|Any CPU.ActiveCfg = Debug|Any CPU
		{FE433796-623D-42F6-BF49-0D12F35C5A3A}.Debug|Any CPU.Build.0 = Debug|Any CPU
		{FE433796-623D-42F6-BF49-0D12F35C5A3A}.Docker|Any CPU.ActiveCfg = Debug|Any CPU
		{FE433796-623D-42F6-BF49-0D12F35C5A3A}.Docker|Any CPU.Build.0 = Debug|Any CPU
		{FE433796-623D-42F6-BF49-0D12F35C5A3A}.Release|Any CPU.ActiveCfg = Release|Any CPU
		{FE433796-623D-42F6-BF49-0D12F35C5A3A}.Release|Any CPU.Build.0 = Release|Any CPU
		{95187D91-4782-4A8A-8F47-D657A7640E58}.Debug|Any CPU.ActiveCfg = Debug|Any CPU
		{95187D91-4782-4A8A-8F47-D657A7640E58}.Debug|Any CPU.Build.0 = Debug|Any CPU
		{95187D91-4782-4A8A-8F47-D657A7640E58}.Docker|Any CPU.ActiveCfg = Debug|Any CPU
		{95187D91-4782-4A8A-8F47-D657A7640E58}.Docker|Any CPU.Build.0 = Debug|Any CPU
		{95187D91-4782-4A8A-8F47-D657A7640E58}.Release|Any CPU.ActiveCfg = Release|Any CPU
		{95187D91-4782-4A8A-8F47-D657A7640E58}.Release|Any CPU.Build.0 = Release|Any CPU
		{E9C936D4-1061-4A03-A83F-7DBE212CB1B7}.Debug|Any CPU.ActiveCfg = Debug|Any CPU
		{E9C936D4-1061-4A03-A83F-7DBE212CB1B7}.Debug|Any CPU.Build.0 = Debug|Any CPU
		{E9C936D4-1061-4A03-A83F-7DBE212CB1B7}.Docker|Any CPU.ActiveCfg = Debug|Any CPU
		{E9C936D4-1061-4A03-A83F-7DBE212CB1B7}.Docker|Any CPU.Build.0 = Debug|Any CPU
		{E9C936D4-1061-4A03-A83F-7DBE212CB1B7}.Release|Any CPU.ActiveCfg = Release|Any CPU
		{E9C936D4-1061-4A03-A83F-7DBE212CB1B7}.Release|Any CPU.Build.0 = Release|Any CPU
		{5CF65B32-3262-4131-B677-3CC498FD0762}.Debug|Any CPU.ActiveCfg = Debug|Any CPU
		{5CF65B32-3262-4131-B677-3CC498FD0762}.Debug|Any CPU.Build.0 = Debug|Any CPU
		{5CF65B32-3262-4131-B677-3CC498FD0762}.Docker|Any CPU.ActiveCfg = Debug|Any CPU
		{5CF65B32-3262-4131-B677-3CC498FD0762}.Docker|Any CPU.Build.0 = Debug|Any CPU
		{5CF65B32-3262-4131-B677-3CC498FD0762}.Release|Any CPU.ActiveCfg = Release|Any CPU
		{5CF65B32-3262-4131-B677-3CC498FD0762}.Release|Any CPU.Build.0 = Release|Any CPU
		{AED6B1E1-BB7D-4E07-8978-63DB0A918660}.Debug|Any CPU.ActiveCfg = Debug|Any CPU
		{AED6B1E1-BB7D-4E07-8978-63DB0A918660}.Debug|Any CPU.Build.0 = Debug|Any CPU
		{AED6B1E1-BB7D-4E07-8978-63DB0A918660}.Docker|Any CPU.ActiveCfg = Debug|Any CPU
		{AED6B1E1-BB7D-4E07-8978-63DB0A918660}.Docker|Any CPU.Build.0 = Debug|Any CPU
		{AED6B1E1-BB7D-4E07-8978-63DB0A918660}.Release|Any CPU.ActiveCfg = Release|Any CPU
		{AED6B1E1-BB7D-4E07-8978-63DB0A918660}.Release|Any CPU.Build.0 = Release|Any CPU
		{BAD03FD3-14D9-4D9E-8C54-01B00C9956D8}.Debug|Any CPU.ActiveCfg = Debug|Any CPU
		{BAD03FD3-14D9-4D9E-8C54-01B00C9956D8}.Debug|Any CPU.Build.0 = Debug|Any CPU
		{BAD03FD3-14D9-4D9E-8C54-01B00C9956D8}.Docker|Any CPU.ActiveCfg = Debug|Any CPU
		{BAD03FD3-14D9-4D9E-8C54-01B00C9956D8}.Docker|Any CPU.Build.0 = Debug|Any CPU
		{BAD03FD3-14D9-4D9E-8C54-01B00C9956D8}.Release|Any CPU.ActiveCfg = Release|Any CPU
		{BAD03FD3-14D9-4D9E-8C54-01B00C9956D8}.Release|Any CPU.Build.0 = Release|Any CPU
		{F41D05C0-3A8F-4715-8875-35996B8D81C6}.Debug|Any CPU.ActiveCfg = Debug|Any CPU
		{F41D05C0-3A8F-4715-8875-35996B8D81C6}.Debug|Any CPU.Build.0 = Debug|Any CPU
		{F41D05C0-3A8F-4715-8875-35996B8D81C6}.Docker|Any CPU.ActiveCfg = Debug|Any CPU
		{F41D05C0-3A8F-4715-8875-35996B8D81C6}.Docker|Any CPU.Build.0 = Debug|Any CPU
		{F41D05C0-3A8F-4715-8875-35996B8D81C6}.Release|Any CPU.ActiveCfg = Release|Any CPU
		{F41D05C0-3A8F-4715-8875-35996B8D81C6}.Release|Any CPU.Build.0 = Release|Any CPU
		{5B653F1C-02E1-4AD1-BA4E-2DD7E30DCBDF}.Debug|Any CPU.ActiveCfg = Debug|Any CPU
		{5B653F1C-02E1-4AD1-BA4E-2DD7E30DCBDF}.Debug|Any CPU.Build.0 = Debug|Any CPU
		{5B653F1C-02E1-4AD1-BA4E-2DD7E30DCBDF}.Docker|Any CPU.ActiveCfg = Docker|Any CPU
		{5B653F1C-02E1-4AD1-BA4E-2DD7E30DCBDF}.Docker|Any CPU.Build.0 = Docker|Any CPU
		{5B653F1C-02E1-4AD1-BA4E-2DD7E30DCBDF}.Release|Any CPU.ActiveCfg = Release|Any CPU
		{5B653F1C-02E1-4AD1-BA4E-2DD7E30DCBDF}.Release|Any CPU.Build.0 = Release|Any CPU
		{1D146B0F-DE90-47DB-8318-72B3F0C0F16E}.Debug|Any CPU.ActiveCfg = Debug|Any CPU
		{1D146B0F-DE90-47DB-8318-72B3F0C0F16E}.Debug|Any CPU.Build.0 = Debug|Any CPU
		{1D146B0F-DE90-47DB-8318-72B3F0C0F16E}.Docker|Any CPU.ActiveCfg = Debug|Any CPU
		{1D146B0F-DE90-47DB-8318-72B3F0C0F16E}.Docker|Any CPU.Build.0 = Debug|Any CPU
		{1D146B0F-DE90-47DB-8318-72B3F0C0F16E}.Release|Any CPU.ActiveCfg = Release|Any CPU
		{1D146B0F-DE90-47DB-8318-72B3F0C0F16E}.Release|Any CPU.Build.0 = Release|Any CPU
		{749992D7-693A-4406-BCC2-1B40970E860B}.Debug|Any CPU.ActiveCfg = Debug|Any CPU
		{749992D7-693A-4406-BCC2-1B40970E860B}.Debug|Any CPU.Build.0 = Debug|Any CPU
		{749992D7-693A-4406-BCC2-1B40970E860B}.Docker|Any CPU.ActiveCfg = Debug|Any CPU
		{749992D7-693A-4406-BCC2-1B40970E860B}.Docker|Any CPU.Build.0 = Debug|Any CPU
		{749992D7-693A-4406-BCC2-1B40970E860B}.Release|Any CPU.ActiveCfg = Release|Any CPU
		{749992D7-693A-4406-BCC2-1B40970E860B}.Release|Any CPU.Build.0 = Release|Any CPU
		{E8AB98F2-2216-4F92-9E48-8F949058CF78}.Debug|Any CPU.ActiveCfg = Debug|Any CPU
		{E8AB98F2-2216-4F92-9E48-8F949058CF78}.Debug|Any CPU.Build.0 = Debug|Any CPU
		{E8AB98F2-2216-4F92-9E48-8F949058CF78}.Docker|Any CPU.ActiveCfg = Debug|Any CPU
		{E8AB98F2-2216-4F92-9E48-8F949058CF78}.Docker|Any CPU.Build.0 = Debug|Any CPU
		{E8AB98F2-2216-4F92-9E48-8F949058CF78}.Release|Any CPU.ActiveCfg = Release|Any CPU
		{E8AB98F2-2216-4F92-9E48-8F949058CF78}.Release|Any CPU.Build.0 = Release|Any CPU
		{D099CC18-04DB-4325-844D-3A350BF59FA1}.Debug|Any CPU.ActiveCfg = Debug|Any CPU
		{D099CC18-04DB-4325-844D-3A350BF59FA1}.Debug|Any CPU.Build.0 = Debug|Any CPU
		{D099CC18-04DB-4325-844D-3A350BF59FA1}.Docker|Any CPU.ActiveCfg = Debug|Any CPU
		{D099CC18-04DB-4325-844D-3A350BF59FA1}.Docker|Any CPU.Build.0 = Debug|Any CPU
		{D099CC18-04DB-4325-844D-3A350BF59FA1}.Release|Any CPU.ActiveCfg = Release|Any CPU
		{D099CC18-04DB-4325-844D-3A350BF59FA1}.Release|Any CPU.Build.0 = Release|Any CPU
		{5ECFBC32-3A1C-42C4-8B44-90016DE6B450}.Debug|Any CPU.ActiveCfg = Debug|Any CPU
		{5ECFBC32-3A1C-42C4-8B44-90016DE6B450}.Debug|Any CPU.Build.0 = Debug|Any CPU
		{5ECFBC32-3A1C-42C4-8B44-90016DE6B450}.Docker|Any CPU.ActiveCfg = Debug|Any CPU
		{5ECFBC32-3A1C-42C4-8B44-90016DE6B450}.Docker|Any CPU.Build.0 = Debug|Any CPU
		{5ECFBC32-3A1C-42C4-8B44-90016DE6B450}.Release|Any CPU.ActiveCfg = Release|Any CPU
		{5ECFBC32-3A1C-42C4-8B44-90016DE6B450}.Release|Any CPU.Build.0 = Release|Any CPU
	EndGlobalSection
	GlobalSection(SolutionProperties) = preSolution
		HideSolutionNode = FALSE
	EndGlobalSection
	GlobalSection(NestedProjects) = preSolution
		{1E5A7809-E835-46C3-A4D3-B622ABD54475} = {8F940E2F-2BAA-4E9B-9E13-EA717FE8394B}
		{CFA44659-90FE-45D4-BAB9-5317B15585FF} = {A53016DC-1088-4595-AA79-951EA39ECF8C}
		{2DD73E73-F45B-409E-9462-4FB2EBBB95D7} = {A53016DC-1088-4595-AA79-951EA39ECF8C}
		{EB94E9D7-7635-4CCD-BE3A-E3E70E484CBD} = {F1FA440C-3E25-4387-9E27-308CD7D3478B}
		{52C7DA6C-BCC6-4D20-9E7A-39B9CFE29730} = {F1FA440C-3E25-4387-9E27-308CD7D3478B}
		{5B0FC51D-D35C-426E-BC04-32439FBDB68F} = {F1FA440C-3E25-4387-9E27-308CD7D3478B}
		{398C231C-3C6B-4F4E-9090-97A3B227CE72} = {020F279B-4F00-4EFC-BD6D-66A1697C41F7}
		{16179BB5-4076-4847-8300-68D9422F7589} = {020F279B-4F00-4EFC-BD6D-66A1697C41F7}
		{5D8277CE-8E12-4D44-9ACC-B836DF5A16FA} = {1C28016B-1887-48DD-AF36-BEF2AE37FB05}
		{A9DF7D92-5C39-432C-8456-8E46C1505F7E} = {1C28016B-1887-48DD-AF36-BEF2AE37FB05}
		{BB97FDF7-7411-4DF5-B525-70920D3694FE} = {1C28016B-1887-48DD-AF36-BEF2AE37FB05}
		{658FACA0-D9B3-4ADD-AF90-93DDC73796F7} = {BB97FDF7-7411-4DF5-B525-70920D3694FE}
		{9A53BCFA-0A07-4D78-AA8B-BE9C010F5129} = {BB97FDF7-7411-4DF5-B525-70920D3694FE}
		{2A911959-248A-409D-A400-97CD1AF772D2} = {BB97FDF7-7411-4DF5-B525-70920D3694FE}
		{DE8A8BFD-FECB-4B5D-B37D-8EE6F1F85DFC} = {279406F0-0662-45FE-9E34-2351FCBEDD49}
		{1F5A1288-B0CB-4146-AD2B-F1A9FE556B27} = {1C28016B-1887-48DD-AF36-BEF2AE37FB05}
		{F8360A00-82D6-46EF-8E70-E46795D42AE0} = {1C28016B-1887-48DD-AF36-BEF2AE37FB05}
		{4EDFA86B-858E-4471-BBBB-56DE8EDF478E} = {DCF7E95F-361C-44BE-A8F8-BB2C0F5C4C43}
		{665A0895-5A77-47A6-BB59-0A65771C22FC} = {8F940E2F-2BAA-4E9B-9E13-EA717FE8394B}
		{14D1DE71-C689-429B-9BE5-2FE3C15EB269} = {8F940E2F-2BAA-4E9B-9E13-EA717FE8394B}
		{F437CD2E-B554-4631-B3F7-5AFAC059A3CD} = {F1FA440C-3E25-4387-9E27-308CD7D3478B}
		{586AE46E-A802-43E1-B102-9E2E058BF10C} = {F1FA440C-3E25-4387-9E27-308CD7D3478B}
		{77F68AA9-C750-4A84-8D91-7CFA344ED4D6} = {F1FA440C-3E25-4387-9E27-308CD7D3478B}
		{4D6A5682-CA86-4616-B5BE-82A4AB90F747} = {F1FA440C-3E25-4387-9E27-308CD7D3478B}
		{D6B37AF3-07EF-4DA7-8B9E-3B731A91AB61} = {F1FA440C-3E25-4387-9E27-308CD7D3478B}
		{4CCF9C3A-FD1E-4E59-B3FA-57F617119078} = {F954E340-7D9A-4296-BDC7-9B441107EFE2}
		{F954E340-7D9A-4296-BDC7-9B441107EFE2} = {F1FA440C-3E25-4387-9E27-308CD7D3478B}
		{EF53E3CE-99A5-48E4-9BEF-FE8EEF39E4D1} = {56C381DE-9290-4F40-B298-E8BBD7C4A256}
		{15D5AD87-AF38-4503-920D-B9E13A0B2BFB} = {A6552E9F-E1B3-498B-8F2D-D6EE6231E755}
		{26F82616-CFD8-4D6D-844A-E5AB95BDAA16} = {A6552E9F-E1B3-498B-8F2D-D6EE6231E755}
		{4B5A03B1-A5C1-40F1-8CDA-8159A3AFCF81} = {A6552E9F-E1B3-498B-8F2D-D6EE6231E755}
		{A6552E9F-E1B3-498B-8F2D-D6EE6231E755} = {1C28016B-1887-48DD-AF36-BEF2AE37FB05}
		{AD4BA6D6-88B3-425A-A123-63B62686F256} = {544A0CA9-23C7-49AC-8871-C14F5054E2D5}
		{331BC88D-FFCB-4F41-86F7-4AE2AA5D965B} = {544A0CA9-23C7-49AC-8871-C14F5054E2D5}
		{971E76F1-79AC-491E-B64A-8BD4A611CC6F} = {22F8664F-D12E-4D87-8E3B-F59E72E68011}
		{EF5ECA5A-8221-41ED-81CC-A80DF8E56582} = {22F8664F-D12E-4D87-8E3B-F59E72E68011}
		{39EB84CB-0AD2-4792-80C5-AD8219F18D74} = {544A0CA9-23C7-49AC-8871-C14F5054E2D5}
		{039ECC5D-1A81-45CB-BEC4-63EC8172BEE8} = {544A0CA9-23C7-49AC-8871-C14F5054E2D5}
		{7F7CAB8C-9F93-4B3A-B9E6-EFD92A5419B4} = {039ECC5D-1A81-45CB-BEC4-63EC8172BEE8}
		{BFBFD728-F848-48CD-9715-619EF2CA24E6} = {544A0CA9-23C7-49AC-8871-C14F5054E2D5}
		{18E30756-B784-4894-A22D-6E06197831AD} = {BFBFD728-F848-48CD-9715-619EF2CA24E6}
		{AEAD8408-423E-430A-BE43-3E020B79856C} = {BFBFD728-F848-48CD-9715-619EF2CA24E6}
		{4C222C53-5C3E-486B-B21C-0CF12EA685B1} = {BFBFD728-F848-48CD-9715-619EF2CA24E6}
		{5639737F-A2AC-4764-944C-8DA29E482663} = {DF73CAD2-6826-4D96-BC96-DDB7DBDD9F8B}
		{C61AADB4-9402-4D35-BD2D-5A1E07583842} = {DF73CAD2-6826-4D96-BC96-DDB7DBDD9F8B}
		{1D30C5CB-DD3A-4FDA-8088-5A5A6D7E1AAC} = {27976853-A2BF-4B76-91AB-66E1F674A87C}
		{248767B8-A85D-4216-8DB2-5BE65D45EE12} = {BC779C62-0CF4-470A-B73D-4606CA33EE38}
		{9D2D6AB2-B00B-4216-B187-373F817EC1B1} = {F5560B86-E612-4A1F-BA66-981D92796360}
		{ED369A18-DFC0-4E45-AB9C-2DAF058410FA} = {6CE6EB07-4DCC-4810-8B1E-922F67864089}
		{59D6D75D-6711-41AE-9B1C-786548775C01} = {6AE995F3-B50A-49A5-B481-A7B2BF8954FC}
		{A71445D8-B848-4690-BDE2-61DAC2C89ABA} = {24AA3F91-A9DC-4565-8751-979E63469401}
		{4B800FF2-2D4A-43ED-8179-67014289A37A} = {DF73CAD2-6826-4D96-BC96-DDB7DBDD9F8B}
		{7539FE59-E9EE-42F5-BBD4-F24FA81F068F} = {077923BD-6F7A-45BF-9AE4-D906981E9ADA}
		{CDD0E08A-4674-444C-ADA7-80E68137B741} = {836AAC8D-4044-4635-9D1E-1D916CF4318F}
		{88D5A92B-BA78-43E3-9486-CE677F6A953C} = {836AAC8D-4044-4635-9D1E-1D916CF4318F}
		{0CA09A80-4245-4B87-89B8-F4D926462E26} = {836AAC8D-4044-4635-9D1E-1D916CF4318F}
		{18AE5F2D-A700-41F6-9398-57ECF92DA14C} = {26039978-91E9-4F76-977E-DE7365EAA55E}
		{F4710D06-0152-4A3B-B9D9-280CA462852B} = {80AA831D-1FF7-4E0A-B261-9DFBCE25DF8C}
		{FE433796-623D-42F6-BF49-0D12F35C5A3A} = {80AA831D-1FF7-4E0A-B261-9DFBCE25DF8C}
		{95187D91-4782-4A8A-8F47-D657A7640E58} = {12D6C35E-46C4-416E-8844-5B41E13A57B2}
		{E9C936D4-1061-4A03-A83F-7DBE212CB1B7} = {3D28E08A-4A2A-4475-AE24-9399471E7F24}
		{5CF65B32-3262-4131-B677-3CC498FD0762} = {020F279B-4F00-4EFC-BD6D-66A1697C41F7}
		{AED6B1E1-BB7D-4E07-8978-63DB0A918660} = {077923BD-6F7A-45BF-9AE4-D906981E9ADA}
		{BAD03FD3-14D9-4D9E-8C54-01B00C9956D8} = {279406F0-0662-45FE-9E34-2351FCBEDD49}
		{F41D05C0-3A8F-4715-8875-35996B8D81C6} = {279406F0-0662-45FE-9E34-2351FCBEDD49}
		{5B653F1C-02E1-4AD1-BA4E-2DD7E30DCBDF} = {F7BC7F3B-0DA7-4B73-A145-E221C43CCF69}
		{1D146B0F-DE90-47DB-8318-72B3F0C0F16E} = {F7BC7F3B-0DA7-4B73-A145-E221C43CCF69}
		{749992D7-693A-4406-BCC2-1B40970E860B} = {279406F0-0662-45FE-9E34-2351FCBEDD49}
		{E8AB98F2-2216-4F92-9E48-8F949058CF78} = {3B097C6D-8988-4B78-9A74-78A5FAF86069}
		{5ECFBC32-3A1C-42C4-8B44-90016DE6B450} = {F9ADE052-B40F-414F-9BB4-6148CAE25991}
		{D4CF82CE-D6F3-4AE8-B602-F0F65648934E} = {491A7FE6-7ED3-4B3B-8973-00B66F44FAF6}
	EndGlobalSection
	GlobalSection(ExtensibilityGlobals) = postSolution
		SolutionGuid = {1548A1F8-F841-43F3-A87E-DD2E16DA5CF1}
	EndGlobalSection
EndGlobal
