
Microsoft Visual Studio Solution File, Format Version 12.00
# Visual Studio Version 16
VisualStudioVersion = 16.0.29613.14
MinimumVisualStudioVersion = 10.0.40219.1
Project("{FAE04EC0-301F-11D3-BF4B-00C04F79EFBC}") = "DPSWeb", "DPSWeb\DPSWeb.csproj", "{248767B8-A85D-4216-8DB2-5BE65D45EE12}"
EndProject
Global
	GlobalSection(SolutionConfigurationPlatforms) = preSolution
		Debug|Any CPU = Debug|Any CPU
		Release|Any CPU = Release|Any CPU
	EndGlobalSection
	GlobalSection(ProjectConfigurationPlatforms) = postSolution
		{248767B8-A85D-4216-8DB2-5BE65D45EE12}.Debug|Any CPU.ActiveCfg = Debug|Any CPU
		{248767B8-A85D-4216-8DB2-5BE65D45EE12}.Debug|Any CPU.Build.0 = Debug|Any CPU
		{248767B8-A85D-4216-8DB2-5BE65D45EE12}.Release|Any CPU.ActiveCfg = Release|Any CPU
		{248767B8-A85D-4216-8DB2-5BE65D45EE12}.Release|Any CPU.Build.0 = Release|Any CPU
	EndGlobalSection
	GlobalSection(SolutionProperties) = preSolution
		HideSolutionNode = FALSE
	EndGlobalSection
	GlobalSection(ExtensibilityGlobals) = postSolution
		SolutionGuid = {39E5BABE-2028-4623-9B82-AF025CE29097}
	EndGlobalSection
EndGlobal
