
Microsoft Visual Studio Solution File, Format Version 12.00
# Visual Studio Version 16
VisualStudioVersion = 16.0.30717.126
MinimumVisualStudioVersion = 10.0.40219.1
Project("{FAE04EC0-301F-11D3-BF4B-00C04F79EFBC}") = "BaseCoreLogging", "BaseCoreLogging\BaseCoreLogging.csproj", "{C61AADB4-9402-4D35-BD2D-5A1E07583842}"
EndProject
Global
	GlobalSection(SolutionConfigurationPlatforms) = preSolution
		Debug|Any CPU = Debug|Any CPU
		Release|Any CPU = Release|Any CPU
	EndGlobalSection
	GlobalSection(ProjectConfigurationPlatforms) = postSolution
		{C61AADB4-9402-4D35-BD2D-5A1E07583842}.Debug|Any CPU.ActiveCfg = Debug|Any CPU
		{C61AADB4-9402-4D35-BD2D-5A1E07583842}.Debug|Any CPU.Build.0 = Debug|Any CPU
		{C61AADB4-9402-4D35-BD2D-5A1E07583842}.Release|Any CPU.ActiveCfg = Release|Any CPU
		{C61AADB4-9402-4D35-BD2D-5A1E07583842}.Release|Any CPU.Build.0 = Release|Any CPU
	EndGlobalSection
	GlobalSection(SolutionProperties) = preSolution
		HideSolutionNode = FALSE
	EndGlobalSection
	GlobalSection(ExtensibilityGlobals) = postSolution
		SolutionGuid = {61CDCFCE-C3E4-4E96-9550-36779A4AD62F}
	EndGlobalSection
EndGlobal
