
Microsoft Visual Studio Solution File, Format Version 12.00
# Visual Studio Version 17
VisualStudioVersion = 17.5.33414.496
MinimumVisualStudioVersion = 10.0.40219.1
Project("{FAE04EC0-301F-11D3-BF4B-00C04F79EFBC}") = "Jwt", "Jwt\Jwt.csproj", "{23B70A94-0893-48A6-8782-18ABC2F9F8AD}"
EndProject
Global
	GlobalSection(SolutionConfigurationPlatforms) = preSolution
		Debug|Any CPU = Debug|Any CPU
		Release|Any CPU = Release|Any CPU
	EndGlobalSection
	GlobalSection(ProjectConfigurationPlatforms) = postSolution
		{23B70A94-0893-48A6-8782-18ABC2F9F8AD}.Debug|Any CPU.ActiveCfg = Debug|Any CPU
		{23B70A94-0893-48A6-8782-18ABC2F9F8AD}.Debug|Any CPU.Build.0 = Debug|Any CPU
		{23B70A94-0893-48A6-8782-18ABC2F9F8AD}.Release|Any CPU.ActiveCfg = Release|Any CPU
		{23B70A94-0893-48A6-8782-18ABC2F9F8AD}.Release|Any CPU.Build.0 = Release|Any CPU
	EndGlobalSection
	GlobalSection(SolutionProperties) = preSolution
		HideSolutionNode = FALSE
	EndGlobalSection
	GlobalSection(ExtensibilityGlobals) = postSolution
		SolutionGuid = {F5CC0F58-3867-4DCD-81A0-7C1116C73697}
	EndGlobalSection
EndGlobal
