
Microsoft Visual Studio Solution File, Format Version 12.00
# Visual Studio Version 16
VisualStudioVersion = 16.0.31424.327
MinimumVisualStudioVersion = 10.0.40219.1
Project("{FAE04EC0-301F-11D3-BF4B-00C04F79EFBC}") = "CultureSetter", "CultureSetter\CultureSetter.csproj", "{3C101C54-F45F-4BF4-BB9E-91058927902E}"
EndProject
Global
	GlobalSection(SolutionConfigurationPlatforms) = preSolution
		Debug|Any CPU = Debug|Any CPU
		Release|Any CPU = Release|Any CPU
	EndGlobalSection
	GlobalSection(ProjectConfigurationPlatforms) = postSolution
		{3C101C54-F45F-4BF4-BB9E-91058927902E}.Debug|Any CPU.ActiveCfg = Debug|Any CPU
		{3C101C54-F45F-4BF4-BB9E-91058927902E}.Debug|Any CPU.Build.0 = Debug|Any CPU
		{3C101C54-F45F-4BF4-BB9E-91058927902E}.Release|Any CPU.ActiveCfg = Release|Any CPU
		{3C101C54-F45F-4BF4-BB9E-91058927902E}.Release|Any CPU.Build.0 = Release|Any CPU
	EndGlobalSection
	GlobalSection(SolutionProperties) = preSolution
		HideSolutionNode = FALSE
	EndGlobalSection
	GlobalSection(ExtensibilityGlobals) = postSolution
		SolutionGuid = {02D80196-B009-475C-A450-E8B6C21CAE0E}
	EndGlobalSection
EndGlobal
