
Microsoft Visual Studio Solution File, Format Version 12.00
# Visual Studio Version 16
VisualStudioVersion = 16.0.29728.190
MinimumVisualStudioVersion = 10.0.40219.1
Project("{FAE04EC0-301F-11D3-BF4B-00C04F79EFBC}") = "AuthApp", "AuthApp\AuthApp.csproj", "{97C24D5C-BAD2-4238-B2D3-3D1B63733071}"
EndProject
Global
	GlobalSection(SolutionConfigurationPlatforms) = preSolution
		Debug|Any CPU = Debug|Any CPU
		Release|Any CPU = Release|Any CPU
	EndGlobalSection
	GlobalSection(ProjectConfigurationPlatforms) = postSolution
		{97C24D5C-BAD2-4238-B2D3-3D1B63733071}.Debug|Any CPU.ActiveCfg = Debug|Any CPU
		{97C24D5C-BAD2-4238-B2D3-3D1B63733071}.Debug|Any CPU.Build.0 = Debug|Any CPU
		{97C24D5C-BAD2-4238-B2D3-3D1B63733071}.Release|Any CPU.ActiveCfg = Release|Any CPU
		{97C24D5C-BAD2-4238-B2D3-3D1B63733071}.Release|Any CPU.Build.0 = Release|Any CPU
	EndGlobalSection
	GlobalSection(SolutionProperties) = preSolution
		HideSolutionNode = FALSE
	EndGlobalSection
	GlobalSection(ExtensibilityGlobals) = postSolution
		SolutionGuid = {88D241BF-3DFB-428F-9C09-C5D98C4CE7C9}
	EndGlobalSection
EndGlobal
