
Microsoft Visual Studio Solution File, Format Version 12.00
# Visual Studio Version 16
VisualStudioVersion = 16.0.30907.101
MinimumVisualStudioVersion = 10.0.40219.1
Project("{FAE04EC0-301F-11D3-BF4B-00C04F79EFBC}") = "EmailDemo", "EmailDemo\EmailDemo.csproj", "{59D6D75D-6711-41AE-9B1C-786548775C01}"
EndProject
Global
	GlobalSection(SolutionConfigurationPlatforms) = preSolution
		Debug|Any CPU = Debug|Any CPU
		Release|Any CPU = Release|Any CPU
	EndGlobalSection
	GlobalSection(ProjectConfigurationPlatforms) = postSolution
		{59D6D75D-6711-41AE-9B1C-786548775C01}.Debug|Any CPU.ActiveCfg = Debug|Any CPU
		{59D6D75D-6711-41AE-9B1C-786548775C01}.Debug|Any CPU.Build.0 = Debug|Any CPU
		{59D6D75D-6711-41AE-9B1C-786548775C01}.Release|Any CPU.ActiveCfg = Release|Any CPU
		{59D6D75D-6711-41AE-9B1C-786548775C01}.Release|Any CPU.Build.0 = Release|Any CPU
	EndGlobalSection
	GlobalSection(SolutionProperties) = preSolution
		HideSolutionNode = FALSE
	EndGlobalSection
	GlobalSection(ExtensibilityGlobals) = postSolution
		SolutionGuid = {1548A1F8-F841-43F3-A87E-DD2E16DA5CF1}
	EndGlobalSection
EndGlobal
