
Microsoft Visual Studio Solution File, Format Version 12.00
# Visual Studio Version 16
VisualStudioVersion = 16.0.30204.135
MinimumVisualStudioVersion = 10.0.40219.1
Project("{FAE04EC0-301F-11D3-BF4B-00C04F79EFBC}") = "BlazorServer", "BlazorServer\BlazorServer.csproj", "{CCAB7E74-B61C-4076-A91C-CE4A5D9933C8}"
EndProject
Project("{FAE04EC0-301F-11D3-BF4B-00C04F79EFBC}") = "DataLibrary", "DataLibrary\DataLibrary.csproj", "{F77A6522-F7DE-4BFD-9AC2-8532D1C57589}"
EndProject
Global
	GlobalSection(SolutionConfigurationPlatforms) = preSolution
		Debug|Any CPU = Debug|Any CPU
		Release|Any CPU = Release|Any CPU
	EndGlobalSection
	GlobalSection(ProjectConfigurationPlatforms) = postSolution
		{CCAB7E74-B61C-4076-A91C-CE4A5D9933C8}.Debug|Any CPU.ActiveCfg = Debug|Any CPU
		{CCAB7E74-B61C-4076-A91C-CE4A5D9933C8}.Debug|Any CPU.Build.0 = Debug|Any CPU
		{CCAB7E74-B61C-4076-A91C-CE4A5D9933C8}.Release|Any CPU.ActiveCfg = Release|Any CPU
		{CCAB7E74-B61C-4076-A91C-CE4A5D9933C8}.Release|Any CPU.Build.0 = Release|Any CPU
		{F77A6522-F7DE-4BFD-9AC2-8532D1C57589}.Debug|Any CPU.ActiveCfg = Debug|Any CPU
		{F77A6522-F7DE-4BFD-9AC2-8532D1C57589}.Debug|Any CPU.Build.0 = Debug|Any CPU
		{F77A6522-F7DE-4BFD-9AC2-8532D1C57589}.Release|Any CPU.ActiveCfg = Release|Any CPU
		{F77A6522-F7DE-4BFD-9AC2-8532D1C57589}.Release|Any CPU.Build.0 = Release|Any CPU
	EndGlobalSection
	GlobalSection(SolutionProperties) = preSolution
		HideSolutionNode = FALSE
	EndGlobalSection
	GlobalSection(ExtensibilityGlobals) = postSolution
		SolutionGuid = {75D11E90-16F4-46DD-90F3-1C4DD1A4BC50}
	EndGlobalSection
EndGlobal
